// !$*UTF8*$!
{
	archiveVersion = 1;
	classes = {
	};
	objectVersion = 56;
	objects = {

/* Begin PBXBuildFile section */
		810AFE2A2BCC3BCD00D3D184 /* InfinityWidthButtonView.swift in Sources */ = {isa = PBXBuildFile; fileRef = 810AFE292BCC3BCD00D3D184 /* InfinityWidthButtonView.swift */; };
		810AFE2D2BCC3C2C00D3D184 /* SearchButtonView.swift in Sources */ = {isa = PBXBuildFile; fileRef = 810AFE2C2BCC3C2C00D3D184 /* SearchButtonView.swift */; };
		810AFE382BCC4BE000D3D184 /* SpecifyTimeView.swift in Sources */ = {isa = PBXBuildFile; fileRef = 810AFE372BCC4BE000D3D184 /* SpecifyTimeView.swift */; };
		810AFE3B2BCCC8F300D3D184 /* CarrierCardView.swift in Sources */ = {isa = PBXBuildFile; fileRef = 810AFE3A2BCCC8F300D3D184 /* CarrierCardView.swift */; };
		810AFE3E2BCCCA1900D3D184 /* CarrierCardViewModel.swift in Sources */ = {isa = PBXBuildFile; fileRef = 810AFE3D2BCCCA1900D3D184 /* CarrierCardViewModel.swift */; };
		810AFE492BCCE99100D3D184 /* SettingsView.swift in Sources */ = {isa = PBXBuildFile; fileRef = 810AFE482BCCE99100D3D184 /* SettingsView.swift */; };
		810AFE4C2BCDAB5200D3D184 /* WebView.swift in Sources */ = {isa = PBXBuildFile; fileRef = 810AFE4B2BCDAB5200D3D184 /* WebView.swift */; };
		81A405BC2BC30857000D8EE4 /* ContentView.swift in Sources */ = {isa = PBXBuildFile; fileRef = 81A405BB2BC30857000D8EE4 /* ContentView.swift */; };
		81A405C72BC32134000D8EE4 /* TravelScheduleApp.swift in Sources */ = {isa = PBXBuildFile; fileRef = 81A405C62BC32134000D8EE4 /* TravelScheduleApp.swift */; };
		81A405CD2BC3270F000D8EE4 /* swiftgen.yml in Resources */ = {isa = PBXBuildFile; fileRef = 81A405CC2BC3270F000D8EE4 /* swiftgen.yml */; };
		81A405CF2BC327C3000D8EE4 /* Colors.xcassets in Resources */ = {isa = PBXBuildFile; fileRef = 81A405CE2BC327C3000D8EE4 /* Colors.xcassets */; };
		81A405D62BC47502000D8EE4 /* StoriesSingleView.swift in Sources */ = {isa = PBXBuildFile; fileRef = 81A405D52BC47502000D8EE4 /* StoriesSingleView.swift */; };
		81A405DE2BC476EA000D8EE4 /* StoryModel.swift in Sources */ = {isa = PBXBuildFile; fileRef = 81A405DD2BC476EA000D8EE4 /* StoryModel.swift */; };
		81A405E42BC47AB5000D8EE4 /* ScheduleViewModel.swift in Sources */ = {isa = PBXBuildFile; fileRef = 81A405E32BC47AB5000D8EE4 /* ScheduleViewModel.swift */; };
		81A405E62BC47AEE000D8EE4 /* ScheduleView.swift in Sources */ = {isa = PBXBuildFile; fileRef = 81A405E52BC47AEE000D8EE4 /* ScheduleView.swift */; };
		81A405E82BC47B19000D8EE4 /* StoryCardView.swift in Sources */ = {isa = PBXBuildFile; fileRef = 81A405E72BC47B19000D8EE4 /* StoryCardView.swift */; };
		81A405EE2BC66B63000D8EE4 /* View+Extensions.swift in Sources */ = {isa = PBXBuildFile; fileRef = 81A405ED2BC66B63000D8EE4 /* View+Extensions.swift */; };
		81A405F42BC66D12000D8EE4 /* FromToView.swift in Sources */ = {isa = PBXBuildFile; fileRef = 81A405F32BC66D12000D8EE4 /* FromToView.swift */; };
		81A405F72BC66D49000D8EE4 /* StoriesView.swift in Sources */ = {isa = PBXBuildFile; fileRef = 81A405F62BC66D49000D8EE4 /* StoriesView.swift */; };
		81A406062BC66EB6000D8EE4 /* Localizable.strings in Resources */ = {isa = PBXBuildFile; fileRef = 81A406042BC66EB6000D8EE4 /* Localizable.strings */; };
		81A4060B2BC67008000D8EE4 /* Assets.generated.swift in Sources */ = {isa = PBXBuildFile; fileRef = 81A406082BC67008000D8EE4 /* Assets.generated.swift */; };
		81A4060C2BC67008000D8EE4 /* template.stencil in Resources */ = {isa = PBXBuildFile; fileRef = 81A406092BC67008000D8EE4 /* template.stencil */; };
		81A4060E2BC67383000D8EE4 /* Localization.swift in Sources */ = {isa = PBXBuildFile; fileRef = 81A4060D2BC67383000D8EE4 /* Localization.swift */; };
		81B953FB2BCB23E5005AF285 /* StationSelectionView.swift in Sources */ = {isa = PBXBuildFile; fileRef = 81B953FA2BCB23E5005AF285 /* StationSelectionView.swift */; };
		81B953FE2BCB2444005AF285 /* StationSelectionViewModel.swift in Sources */ = {isa = PBXBuildFile; fileRef = 81B953FD2BCB2444005AF285 /* StationSelectionViewModel.swift */; };
		81B954012BCBDC0C005AF285 /* RoutesListView.swift in Sources */ = {isa = PBXBuildFile; fileRef = 81B954002BCBDC0C005AF285 /* RoutesListView.swift */; };
		81B954042BCBDEFF005AF285 /* RoutesListViewModel.swift in Sources */ = {isa = PBXBuildFile; fileRef = 81B954032BCBDEFF005AF285 /* RoutesListViewModel.swift */; };
		81B954072BCBDF47005AF285 /* CityModel.swift in Sources */ = {isa = PBXBuildFile; fileRef = 81B954062BCBDF47005AF285 /* CityModel.swift */; };
		81B954092BCBE0D1005AF285 /* StationModel.swift in Sources */ = {isa = PBXBuildFile; fileRef = 81B954082BCBE0D1005AF285 /* StationModel.swift */; };
		81B9540D2BCC1292005AF285 /* RouteModel.swift in Sources */ = {isa = PBXBuildFile; fileRef = 81B9540C2BCC1292005AF285 /* RouteModel.swift */; };
		81B954112BCC24C9005AF285 /* RouteCardView.swift in Sources */ = {isa = PBXBuildFile; fileRef = 81B954102BCC24C9005AF285 /* RouteCardView.swift */; };
		81C4F7CD2BCA76BB0046CC12 /* CitySelectionView.swift in Sources */ = {isa = PBXBuildFile; fileRef = 81C4F7CC2BCA76BB0046CC12 /* CitySelectionView.swift */; };
		81C4F7D12BCA808A0046CC12 /* CitySelectionViewModel.swift in Sources */ = {isa = PBXBuildFile; fileRef = 81C4F7D02BCA808A0046CC12 /* CitySelectionViewModel.swift */; };
		849981152B9C8FAA006828B4 /* AppDelegate.swift in Sources */ = {isa = PBXBuildFile; fileRef = 849981142B9C8FAA006828B4 /* AppDelegate.swift */; };
		849981172B9C8FAA006828B4 /* SceneDelegate.swift in Sources */ = {isa = PBXBuildFile; fileRef = 849981162B9C8FAA006828B4 /* SceneDelegate.swift */; };
		849981192B9C8FAA006828B4 /* SheduleViewController.swift in Sources */ = {isa = PBXBuildFile; fileRef = 849981182B9C8FAA006828B4 /* SheduleViewController.swift */; };
		8499811E2B9C8FB2006828B4 /* Assets.xcassets in Resources */ = {isa = PBXBuildFile; fileRef = 8499811D2B9C8FB2006828B4 /* Assets.xcassets */; };
		849981212B9C8FB2006828B4 /* LaunchScreen.storyboard in Resources */ = {isa = PBXBuildFile; fileRef = 8499811F2B9C8FB2006828B4 /* LaunchScreen.storyboard */; };
		849981292B9C9184006828B4 /* TabBarController.swift in Sources */ = {isa = PBXBuildFile; fileRef = 849981282B9C9184006828B4 /* TabBarController.swift */; };
		849981302B9C95B2006828B4 /* SettingsViewController.swift in Sources */ = {isa = PBXBuildFile; fileRef = 8499812F2B9C95B2006828B4 /* SettingsViewController.swift */; };
		CE9E64522B9E080600A2134A /* OpenAPIRuntime in Frameworks */ = {isa = PBXBuildFile; productRef = CE9E64512B9E080600A2134A /* OpenAPIRuntime */; };
		CE9E64552B9E0DF000A2134A /* OpenAPIURLSession in Frameworks */ = {isa = PBXBuildFile; productRef = CE9E64542B9E0DF000A2134A /* OpenAPIURLSession */; };
		CE9E64592B9E0ECB00A2134A /* openapi.yaml in Resources */ = {isa = PBXBuildFile; fileRef = CE9E64582B9E0ECB00A2134A /* openapi.yaml */; };
		CE9E645E2B9E0F7C00A2134A /* openapi-generator-config.yaml in Resources */ = {isa = PBXBuildFile; fileRef = CE9E645D2B9E0F7B00A2134A /* openapi-generator-config.yaml */; };
		CE9E64612B9E0FE100A2134A /* NearestStationsService.swift in Sources */ = {isa = PBXBuildFile; fileRef = CE9E64602B9E0FE100A2134A /* NearestStationsService.swift */; };
		CE9E646F2B9E1FE100A2134A /* String+Extensions.swift in Sources */ = {isa = PBXBuildFile; fileRef = CE9E646E2B9E1FE100A2134A /* String+Extensions.swift */; };
		CE9E647E2B9E372F00A2134A /* PointToPointService.swift in Sources */ = {isa = PBXBuildFile; fileRef = CE9E647D2B9E372F00A2134A /* PointToPointService.swift */; };
		CECCF5A62B9EF95400D9067C /* ServiceFactory.swift in Sources */ = {isa = PBXBuildFile; fileRef = CECCF5A52B9EF95400D9067C /* ServiceFactory.swift */; };
		CECCF5A82B9F113400D9067C /* ThreadInformationService.swift in Sources */ = {isa = PBXBuildFile; fileRef = CECCF5A72B9F113400D9067C /* ThreadInformationService.swift */; };
		CECCF5B32B9F3F3A00D9067C /* UIBlockingProgressHUD.swift in Sources */ = {isa = PBXBuildFile; fileRef = CECCF5B22B9F3F3A00D9067C /* UIBlockingProgressHUD.swift */; };
		CECCF5B62B9FA65300D9067C /* NearestSettlement.swift in Sources */ = {isa = PBXBuildFile; fileRef = CECCF5B52B9FA65300D9067C /* NearestSettlement.swift */; };
		CECCF5B92BA033B700D9067C /* CarriersInformationService.swift in Sources */ = {isa = PBXBuildFile; fileRef = CECCF5B82BA033B700D9067C /* CarriersInformationService.swift */; };
		CECCF5BD2BA0424400D9067C /* StationsList.swift in Sources */ = {isa = PBXBuildFile; fileRef = CECCF5BC2BA0424400D9067C /* StationsList.swift */; };
		CECCF5C12BA0569200D9067C /* SwiftSoup in Frameworks */ = {isa = PBXBuildFile; productRef = CECCF5C02BA0569200D9067C /* SwiftSoup */; };
		CEFBA2FF2B9E544D00269012 /* NetworkConstants.swift in Sources */ = {isa = PBXBuildFile; fileRef = CEFBA2FE2B9E544D00269012 /* NetworkConstants.swift */; };
		CEFBA3022B9EE90C00269012 /* ScheduleOnStationService.swift in Sources */ = {isa = PBXBuildFile; fileRef = CEFBA3012B9EE90C00269012 /* ScheduleOnStationService.swift */; };
/* End PBXBuildFile section */

/* Begin PBXFileReference section */
		810AFE292BCC3BCD00D3D184 /* InfinityWidthButtonView.swift */ = {isa = PBXFileReference; lastKnownFileType = sourcecode.swift; path = InfinityWidthButtonView.swift; sourceTree = "<group>"; };
		810AFE2C2BCC3C2C00D3D184 /* SearchButtonView.swift */ = {isa = PBXFileReference; lastKnownFileType = sourcecode.swift; path = SearchButtonView.swift; sourceTree = "<group>"; };
		810AFE372BCC4BE000D3D184 /* SpecifyTimeView.swift */ = {isa = PBXFileReference; lastKnownFileType = sourcecode.swift; path = SpecifyTimeView.swift; sourceTree = "<group>"; };
		810AFE3A2BCCC8F300D3D184 /* CarrierCardView.swift */ = {isa = PBXFileReference; lastKnownFileType = sourcecode.swift; path = CarrierCardView.swift; sourceTree = "<group>"; };
		810AFE3D2BCCCA1900D3D184 /* CarrierCardViewModel.swift */ = {isa = PBXFileReference; lastKnownFileType = sourcecode.swift; path = CarrierCardViewModel.swift; sourceTree = "<group>"; };
		810AFE482BCCE99100D3D184 /* SettingsView.swift */ = {isa = PBXFileReference; lastKnownFileType = sourcecode.swift; path = SettingsView.swift; sourceTree = "<group>"; };
		810AFE4B2BCDAB5200D3D184 /* WebView.swift */ = {isa = PBXFileReference; lastKnownFileType = sourcecode.swift; path = WebView.swift; sourceTree = "<group>"; };
		81A405BB2BC30857000D8EE4 /* ContentView.swift */ = {isa = PBXFileReference; lastKnownFileType = sourcecode.swift; path = ContentView.swift; sourceTree = "<group>"; };
		81A405C62BC32134000D8EE4 /* TravelScheduleApp.swift */ = {isa = PBXFileReference; lastKnownFileType = sourcecode.swift; path = TravelScheduleApp.swift; sourceTree = "<group>"; };
		81A405CC2BC3270F000D8EE4 /* swiftgen.yml */ = {isa = PBXFileReference; fileEncoding = 4; lastKnownFileType = text.yaml; path = swiftgen.yml; sourceTree = "<group>"; };
		81A405CE2BC327C3000D8EE4 /* Colors.xcassets */ = {isa = PBXFileReference; lastKnownFileType = folder.assetcatalog; path = Colors.xcassets; sourceTree = "<group>"; };
		81A405D52BC47502000D8EE4 /* StoriesSingleView.swift */ = {isa = PBXFileReference; lastKnownFileType = sourcecode.swift; path = StoriesSingleView.swift; sourceTree = "<group>"; };
		81A405DD2BC476EA000D8EE4 /* StoryModel.swift */ = {isa = PBXFileReference; lastKnownFileType = sourcecode.swift; path = StoryModel.swift; sourceTree = "<group>"; };
		81A405E32BC47AB5000D8EE4 /* ScheduleViewModel.swift */ = {isa = PBXFileReference; lastKnownFileType = sourcecode.swift; path = ScheduleViewModel.swift; sourceTree = "<group>"; };
		81A405E52BC47AEE000D8EE4 /* ScheduleView.swift */ = {isa = PBXFileReference; lastKnownFileType = sourcecode.swift; path = ScheduleView.swift; sourceTree = "<group>"; };
		81A405E72BC47B19000D8EE4 /* StoryCardView.swift */ = {isa = PBXFileReference; lastKnownFileType = sourcecode.swift; path = StoryCardView.swift; sourceTree = "<group>"; };
		81A405ED2BC66B63000D8EE4 /* View+Extensions.swift */ = {isa = PBXFileReference; lastKnownFileType = sourcecode.swift; path = "View+Extensions.swift"; sourceTree = "<group>"; };
		81A405F32BC66D12000D8EE4 /* FromToView.swift */ = {isa = PBXFileReference; lastKnownFileType = sourcecode.swift; path = FromToView.swift; sourceTree = "<group>"; };
		81A405F62BC66D49000D8EE4 /* StoriesView.swift */ = {isa = PBXFileReference; lastKnownFileType = sourcecode.swift; path = StoriesView.swift; sourceTree = "<group>"; };
		81A406052BC66EB6000D8EE4 /* en */ = {isa = PBXFileReference; lastKnownFileType = text.plist.strings; name = en; path = en.lproj/Localizable.strings; sourceTree = "<group>"; };
		81A406082BC67008000D8EE4 /* Assets.generated.swift */ = {isa = PBXFileReference; fileEncoding = 4; lastKnownFileType = sourcecode.swift; path = Assets.generated.swift; sourceTree = "<group>"; };
		81A406092BC67008000D8EE4 /* template.stencil */ = {isa = PBXFileReference; fileEncoding = 4; lastKnownFileType = text; path = template.stencil; sourceTree = "<group>"; };
		81A4060D2BC67383000D8EE4 /* Localization.swift */ = {isa = PBXFileReference; fileEncoding = 4; lastKnownFileType = sourcecode.swift; path = Localization.swift; sourceTree = "<group>"; };
		81B953FA2BCB23E5005AF285 /* StationSelectionView.swift */ = {isa = PBXFileReference; lastKnownFileType = sourcecode.swift; path = StationSelectionView.swift; sourceTree = "<group>"; };
		81B953FD2BCB2444005AF285 /* StationSelectionViewModel.swift */ = {isa = PBXFileReference; lastKnownFileType = sourcecode.swift; path = StationSelectionViewModel.swift; sourceTree = "<group>"; };
		81B954002BCBDC0C005AF285 /* RoutesListView.swift */ = {isa = PBXFileReference; lastKnownFileType = sourcecode.swift; path = RoutesListView.swift; sourceTree = "<group>"; };
		81B954032BCBDEFF005AF285 /* RoutesListViewModel.swift */ = {isa = PBXFileReference; lastKnownFileType = sourcecode.swift; path = RoutesListViewModel.swift; sourceTree = "<group>"; };
		81B954062BCBDF47005AF285 /* CityModel.swift */ = {isa = PBXFileReference; lastKnownFileType = sourcecode.swift; path = CityModel.swift; sourceTree = "<group>"; };
		81B954082BCBE0D1005AF285 /* StationModel.swift */ = {isa = PBXFileReference; lastKnownFileType = sourcecode.swift; path = StationModel.swift; sourceTree = "<group>"; };
		81B9540C2BCC1292005AF285 /* RouteModel.swift */ = {isa = PBXFileReference; lastKnownFileType = sourcecode.swift; path = RouteModel.swift; sourceTree = "<group>"; };
		81B954102BCC24C9005AF285 /* RouteCardView.swift */ = {isa = PBXFileReference; lastKnownFileType = sourcecode.swift; path = RouteCardView.swift; sourceTree = "<group>"; };
		81C4F7CC2BCA76BB0046CC12 /* CitySelectionView.swift */ = {isa = PBXFileReference; lastKnownFileType = sourcecode.swift; path = CitySelectionView.swift; sourceTree = "<group>"; };
		81C4F7D02BCA808A0046CC12 /* CitySelectionViewModel.swift */ = {isa = PBXFileReference; lastKnownFileType = sourcecode.swift; path = CitySelectionViewModel.swift; sourceTree = "<group>"; };
		849981112B9C8FAA006828B4 /* TravelSchedule.app */ = {isa = PBXFileReference; explicitFileType = wrapper.application; includeInIndex = 0; path = TravelSchedule.app; sourceTree = BUILT_PRODUCTS_DIR; };
		849981142B9C8FAA006828B4 /* AppDelegate.swift */ = {isa = PBXFileReference; lastKnownFileType = sourcecode.swift; path = AppDelegate.swift; sourceTree = "<group>"; };
		849981162B9C8FAA006828B4 /* SceneDelegate.swift */ = {isa = PBXFileReference; lastKnownFileType = sourcecode.swift; path = SceneDelegate.swift; sourceTree = "<group>"; };
		849981182B9C8FAA006828B4 /* SheduleViewController.swift */ = {isa = PBXFileReference; lastKnownFileType = sourcecode.swift; path = SheduleViewController.swift; sourceTree = "<group>"; };
		8499811D2B9C8FB2006828B4 /* Assets.xcassets */ = {isa = PBXFileReference; lastKnownFileType = folder.assetcatalog; path = Assets.xcassets; sourceTree = "<group>"; };
		849981202B9C8FB2006828B4 /* Base */ = {isa = PBXFileReference; lastKnownFileType = file.storyboard; name = Base; path = Base.lproj/LaunchScreen.storyboard; sourceTree = "<group>"; };
		849981222B9C8FB2006828B4 /* Info.plist */ = {isa = PBXFileReference; lastKnownFileType = text.plist.xml; path = Info.plist; sourceTree = "<group>"; };
		849981282B9C9184006828B4 /* TabBarController.swift */ = {isa = PBXFileReference; lastKnownFileType = sourcecode.swift; path = TabBarController.swift; sourceTree = "<group>"; };
		8499812F2B9C95B2006828B4 /* SettingsViewController.swift */ = {isa = PBXFileReference; lastKnownFileType = sourcecode.swift; path = SettingsViewController.swift; sourceTree = "<group>"; };
		CE9E64582B9E0ECB00A2134A /* openapi.yaml */ = {isa = PBXFileReference; fileEncoding = 4; lastKnownFileType = text.yaml; name = openapi.yaml; path = TravelSchedule/Resources/openapi.yaml; sourceTree = SOURCE_ROOT; xcLanguageSpecificationIdentifier = xcode.lang.yaml; };
		CE9E645D2B9E0F7B00A2134A /* openapi-generator-config.yaml */ = {isa = PBXFileReference; fileEncoding = 4; lastKnownFileType = text.yaml; path = "openapi-generator-config.yaml"; sourceTree = "<group>"; };
		CE9E64602B9E0FE100A2134A /* NearestStationsService.swift */ = {isa = PBXFileReference; lastKnownFileType = sourcecode.swift; path = NearestStationsService.swift; sourceTree = "<group>"; };
		CE9E646E2B9E1FE100A2134A /* String+Extensions.swift */ = {isa = PBXFileReference; lastKnownFileType = sourcecode.swift; path = "String+Extensions.swift"; sourceTree = "<group>"; };
		CE9E647D2B9E372F00A2134A /* PointToPointService.swift */ = {isa = PBXFileReference; lastKnownFileType = sourcecode.swift; path = PointToPointService.swift; sourceTree = "<group>"; };
		CECCF5A52B9EF95400D9067C /* ServiceFactory.swift */ = {isa = PBXFileReference; lastKnownFileType = sourcecode.swift; path = ServiceFactory.swift; sourceTree = "<group>"; };
		CECCF5A72B9F113400D9067C /* ThreadInformationService.swift */ = {isa = PBXFileReference; lastKnownFileType = sourcecode.swift; path = ThreadInformationService.swift; sourceTree = "<group>"; };
		CECCF5B22B9F3F3A00D9067C /* UIBlockingProgressHUD.swift */ = {isa = PBXFileReference; lastKnownFileType = sourcecode.swift; path = UIBlockingProgressHUD.swift; sourceTree = "<group>"; };
		CECCF5B52B9FA65300D9067C /* NearestSettlement.swift */ = {isa = PBXFileReference; lastKnownFileType = sourcecode.swift; path = NearestSettlement.swift; sourceTree = "<group>"; };
		CECCF5B82BA033B700D9067C /* CarriersInformationService.swift */ = {isa = PBXFileReference; lastKnownFileType = sourcecode.swift; path = CarriersInformationService.swift; sourceTree = "<group>"; };
		CECCF5BC2BA0424400D9067C /* StationsList.swift */ = {isa = PBXFileReference; lastKnownFileType = sourcecode.swift; path = StationsList.swift; sourceTree = "<group>"; };
		CEFBA2FE2B9E544D00269012 /* NetworkConstants.swift */ = {isa = PBXFileReference; lastKnownFileType = sourcecode.swift; path = NetworkConstants.swift; sourceTree = "<group>"; };
		CEFBA3012B9EE90C00269012 /* ScheduleOnStationService.swift */ = {isa = PBXFileReference; lastKnownFileType = sourcecode.swift; path = ScheduleOnStationService.swift; sourceTree = "<group>"; };
/* End PBXFileReference section */

/* Begin PBXFrameworksBuildPhase section */
		8499810E2B9C8FAA006828B4 /* Frameworks */ = {
			isa = PBXFrameworksBuildPhase;
			buildActionMask = 2147483647;
			files = (
				CE9E64552B9E0DF000A2134A /* OpenAPIURLSession in Frameworks */,
				CE9E64522B9E080600A2134A /* OpenAPIRuntime in Frameworks */,
				CECCF5C12BA0569200D9067C /* SwiftSoup in Frameworks */,
			);
			runOnlyForDeploymentPostprocessing = 0;
		};
/* End PBXFrameworksBuildPhase section */

/* Begin PBXGroup section */
		810AFE262BCC363200D3D184 /* Routes */ = {
			isa = PBXGroup;
			children = (
				81B954002BCBDC0C005AF285 /* RoutesListView.swift */,
				81B954032BCBDEFF005AF285 /* RoutesListViewModel.swift */,
				81B954102BCC24C9005AF285 /* RouteCardView.swift */,
			);
			path = Routes;
			sourceTree = "<group>";
		};
		810AFE302BCC3E9000D3D184 /* SpecifyTime */ = {
			isa = PBXGroup;
			children = (
				810AFE372BCC4BE000D3D184 /* SpecifyTimeView.swift */,
				810AFE292BCC3BCD00D3D184 /* InfinityWidthButtonView.swift */,
			);
			path = SpecifyTime;
			sourceTree = "<group>";
		};
		810AFE412BCCD07D00D3D184 /* CarrierCard */ = {
			isa = PBXGroup;
			children = (
				810AFE3A2BCCC8F300D3D184 /* CarrierCardView.swift */,
				810AFE3D2BCCCA1900D3D184 /* CarrierCardViewModel.swift */,
			);
			path = CarrierCard;
			sourceTree = "<group>";
		};
		81A405D92BC476D4000D8EE4 /* Models */ = {
			isa = PBXGroup;
			children = (
				81A405DD2BC476EA000D8EE4 /* StoryModel.swift */,
				81B954062BCBDF47005AF285 /* CityModel.swift */,
				81B954082BCBE0D1005AF285 /* StationModel.swift */,
				81B9540C2BCC1292005AF285 /* RouteModel.swift */,
			);
			path = Models;
			sourceTree = "<group>";
		};
		81A405E12BC47A86000D8EE4 /* Views */ = {
			isa = PBXGroup;
			children = (
				81A405BB2BC30857000D8EE4 /* ContentView.swift */,
				810AFE482BCCE99100D3D184 /* SettingsView.swift */,
				810AFE4B2BCDAB5200D3D184 /* WebView.swift */,
				81A405FF2BC66DC4000D8EE4 /* Stories */,
				81A405FC2BC66DB9000D8EE4 /* Schedule */,
			);
			path = Views;
			sourceTree = "<group>";
		};
		81A405FC2BC66DB9000D8EE4 /* Schedule */ = {
			isa = PBXGroup;
			children = (
				81A405E52BC47AEE000D8EE4 /* ScheduleView.swift */,
				81A405E32BC47AB5000D8EE4 /* ScheduleViewModel.swift */,
				81C4F7C82BCA76870046CC12 /* FromTo */,
				810AFE262BCC363200D3D184 /* Routes */,
				810AFE302BCC3E9000D3D184 /* SpecifyTime */,
				810AFE412BCCD07D00D3D184 /* CarrierCard */,
			);
			path = Schedule;
			sourceTree = "<group>";
		};
		81A405FF2BC66DC4000D8EE4 /* Stories */ = {
			isa = PBXGroup;
			children = (
				81A405F62BC66D49000D8EE4 /* StoriesView.swift */,
				81A405E72BC47B19000D8EE4 /* StoryCardView.swift */,
			);
			path = Stories;
			sourceTree = "<group>";
		};
		81A4060A2BC67008000D8EE4 /* SwiftGen */ = {
			isa = PBXGroup;
			children = (
				81A406082BC67008000D8EE4 /* Assets.generated.swift */,
				81A4060D2BC67383000D8EE4 /* Localization.swift */,
				81A406092BC67008000D8EE4 /* template.stencil */,
			);
			path = SwiftGen;
			sourceTree = "<group>";
		};
		81C4F7C82BCA76870046CC12 /* FromTo */ = {
			isa = PBXGroup;
			children = (
				81A405F32BC66D12000D8EE4 /* FromToView.swift */,
				81C4F7CC2BCA76BB0046CC12 /* CitySelectionView.swift */,
				81C4F7D02BCA808A0046CC12 /* CitySelectionViewModel.swift */,
				81B953FA2BCB23E5005AF285 /* StationSelectionView.swift */,
				81B953FD2BCB2444005AF285 /* StationSelectionViewModel.swift */,
				810AFE2C2BCC3C2C00D3D184 /* SearchButtonView.swift */,
			);
			path = FromTo;
			sourceTree = "<group>";
		};
		849981082B9C8FAA006828B4 = {
			isa = PBXGroup;
			children = (
				81A405CC2BC3270F000D8EE4 /* swiftgen.yml */,
				849981132B9C8FAA006828B4 /* TravelSchedule */,
				849981122B9C8FAA006828B4 /* Products */,
			);
			sourceTree = "<group>";
		};
		849981122B9C8FAA006828B4 /* Products */ = {
			isa = PBXGroup;
			children = (
				849981112B9C8FAA006828B4 /* TravelSchedule.app */,
			);
			name = Products;
			sourceTree = "<group>";
		};
		849981132B9C8FAA006828B4 /* TravelSchedule */ = {
			isa = PBXGroup;
			children = (
				8499811F2B9C8FB2006828B4 /* LaunchScreen.storyboard */,
				81A405C62BC32134000D8EE4 /* TravelScheduleApp.swift */,
				849981142B9C8FAA006828B4 /* AppDelegate.swift */,
				849981162B9C8FAA006828B4 /* SceneDelegate.swift */,
				81A405E12BC47A86000D8EE4 /* Views */,
				81A405D92BC476D4000D8EE4 /* Models */,
				849981312B9C97C5006828B4 /* Scenes */,
				CE9E645F2B9E0FD000A2134A /* Services */,
				CECCF5B12B9F3F1400D9067C /* Helpers */,
				8499812E2B9C93C1006828B4 /* Extensions */,
				81A4060A2BC67008000D8EE4 /* SwiftGen */,
				CE9E645A2B9E0ED900A2134A /* Resources */,
				849981222B9C8FB2006828B4 /* Info.plist */,
			);
			path = TravelSchedule;
			sourceTree = "<group>";
		};
		8499812E2B9C93C1006828B4 /* Extensions */ = {
			isa = PBXGroup;
			children = (
				CE9E646E2B9E1FE100A2134A /* String+Extensions.swift */,
				81A405ED2BC66B63000D8EE4 /* View+Extensions.swift */,
			);
			path = Extensions;
			sourceTree = "<group>";
		};
		849981312B9C97C5006828B4 /* Scenes */ = {
			isa = PBXGroup;
			children = (
				81A405D52BC47502000D8EE4 /* StoriesSingleView.swift */,
				849981282B9C9184006828B4 /* TabBarController.swift */,
				849981182B9C8FAA006828B4 /* SheduleViewController.swift */,
				8499812F2B9C95B2006828B4 /* SettingsViewController.swift */,
			);
			path = Scenes;
			sourceTree = "<group>";
		};
		CE9E645A2B9E0ED900A2134A /* Resources */ = {
			isa = PBXGroup;
			children = (
				CE9E64582B9E0ECB00A2134A /* openapi.yaml */,
				CE9E645D2B9E0F7B00A2134A /* openapi-generator-config.yaml */,
				8499811D2B9C8FB2006828B4 /* Assets.xcassets */,
				81A405CE2BC327C3000D8EE4 /* Colors.xcassets */,
				81A406042BC66EB6000D8EE4 /* Localizable.strings */,
			);
			path = Resources;
			sourceTree = "<group>";
		};
		CE9E645F2B9E0FD000A2134A /* Services */ = {
			isa = PBXGroup;
			children = (
				CEFBA2FE2B9E544D00269012 /* NetworkConstants.swift */,
				CECCF5AA2B9F1AB100D9067C /* ServiceFactory */,
			);
			path = Services;
			sourceTree = "<group>";
		};
		CECCF5AA2B9F1AB100D9067C /* ServiceFactory */ = {
			isa = PBXGroup;
			children = (
				CECCF5A52B9EF95400D9067C /* ServiceFactory.swift */,
				CE9E64602B9E0FE100A2134A /* NearestStationsService.swift */,
				CE9E647D2B9E372F00A2134A /* PointToPointService.swift */,
				CEFBA3012B9EE90C00269012 /* ScheduleOnStationService.swift */,
				CECCF5A72B9F113400D9067C /* ThreadInformationService.swift */,
				CECCF5B52B9FA65300D9067C /* NearestSettlement.swift */,
				CECCF5B82BA033B700D9067C /* CarriersInformationService.swift */,
				CECCF5BC2BA0424400D9067C /* StationsList.swift */,
			);
			path = ServiceFactory;
			sourceTree = "<group>";
		};
		CECCF5B12B9F3F1400D9067C /* Helpers */ = {
			isa = PBXGroup;
			children = (
				CECCF5B22B9F3F3A00D9067C /* UIBlockingProgressHUD.swift */,
			);
			path = Helpers;
			sourceTree = "<group>";
		};
/* End PBXGroup section */

/* Begin PBXNativeTarget section */
		849981102B9C8FAA006828B4 /* TravelSchedule */ = {
			isa = PBXNativeTarget;
			buildConfigurationList = 849981252B9C8FB2006828B4 /* Build configuration list for PBXNativeTarget "TravelSchedule" */;
			buildPhases = (
				8499810D2B9C8FAA006828B4 /* Sources */,
				8499810E2B9C8FAA006828B4 /* Frameworks */,
				8499810F2B9C8FAA006828B4 /* Resources */,
			);
			buildRules = (
			);
			dependencies = (
				CE9E64572B9E0E7300A2134A /* PBXTargetDependency */,
			);
			name = TravelSchedule;
			packageProductDependencies = (
				CE9E64512B9E080600A2134A /* OpenAPIRuntime */,
				CE9E64542B9E0DF000A2134A /* OpenAPIURLSession */,
				CECCF5C02BA0569200D9067C /* SwiftSoup */,
			);
			productName = TravelSchedule;
			productReference = 849981112B9C8FAA006828B4 /* TravelSchedule.app */;
			productType = "com.apple.product-type.application";
		};
/* End PBXNativeTarget section */

/* Begin PBXProject section */
		849981092B9C8FAA006828B4 /* Project object */ = {
			isa = PBXProject;
			attributes = {
				BuildIndependentTargetsInParallel = 1;
				LastSwiftUpdateCheck = 1420;
				LastUpgradeCheck = 1420;
				TargetAttributes = {
					849981102B9C8FAA006828B4 = {
						CreatedOnToolsVersion = 14.2;
					};
				};
			};
			buildConfigurationList = 8499810C2B9C8FAA006828B4 /* Build configuration list for PBXProject "TravelSchedule" */;
			compatibilityVersion = "Xcode 14.0";
			developmentRegion = en;
			hasScannedForEncodings = 0;
			knownRegions = (
				en,
				Base,
			);
			mainGroup = 849981082B9C8FAA006828B4;
			packageReferences = (
				CE9E644B2B9E080600A2134A /* XCRemoteSwiftPackageReference "swift-openapi-generator" */,
				CE9E64502B9E080600A2134A /* XCRemoteSwiftPackageReference "swift-openapi-runtime" */,
				CE9E64532B9E0DF000A2134A /* XCRemoteSwiftPackageReference "swift-openapi-urlsession" */,
				CECCF5BF2BA0569200D9067C /* XCRemoteSwiftPackageReference "SwiftSoup" */,
			);
			productRefGroup = 849981122B9C8FAA006828B4 /* Products */;
			projectDirPath = "";
			projectRoot = "";
			targets = (
				849981102B9C8FAA006828B4 /* TravelSchedule */,
			);
		};
/* End PBXProject section */

/* Begin PBXResourcesBuildPhase section */
		8499810F2B9C8FAA006828B4 /* Resources */ = {
			isa = PBXResourcesBuildPhase;
			buildActionMask = 2147483647;
			files = (
				849981212B9C8FB2006828B4 /* LaunchScreen.storyboard in Resources */,
				81A405CD2BC3270F000D8EE4 /* swiftgen.yml in Resources */,
				CE9E645E2B9E0F7C00A2134A /* openapi-generator-config.yaml in Resources */,
				81A406062BC66EB6000D8EE4 /* Localizable.strings in Resources */,
				81A4060C2BC67008000D8EE4 /* template.stencil in Resources */,
				81A405CF2BC327C3000D8EE4 /* Colors.xcassets in Resources */,
				8499811E2B9C8FB2006828B4 /* Assets.xcassets in Resources */,
				CE9E64592B9E0ECB00A2134A /* openapi.yaml in Resources */,
			);
			runOnlyForDeploymentPostprocessing = 0;
		};
/* End PBXResourcesBuildPhase section */

/* Begin PBXSourcesBuildPhase section */
		8499810D2B9C8FAA006828B4 /* Sources */ = {
			isa = PBXSourcesBuildPhase;
			buildActionMask = 2147483647;
			files = (
				849981192B9C8FAA006828B4 /* SheduleViewController.swift in Sources */,
				810AFE382BCC4BE000D3D184 /* SpecifyTimeView.swift in Sources */,
				81B953FE2BCB2444005AF285 /* StationSelectionViewModel.swift in Sources */,
				81A405F42BC66D12000D8EE4 /* FromToView.swift in Sources */,
				CE9E646F2B9E1FE100A2134A /* String+Extensions.swift in Sources */,
				81A405C72BC32134000D8EE4 /* TravelScheduleApp.swift in Sources */,
				CECCF5B92BA033B700D9067C /* CarriersInformationService.swift in Sources */,
				81A405E82BC47B19000D8EE4 /* StoryCardView.swift in Sources */,
				849981302B9C95B2006828B4 /* SettingsViewController.swift in Sources */,
				81B954072BCBDF47005AF285 /* CityModel.swift in Sources */,
				CECCF5A82B9F113400D9067C /* ThreadInformationService.swift in Sources */,
				810AFE2A2BCC3BCD00D3D184 /* InfinityWidthButtonView.swift in Sources */,
				810AFE4C2BCDAB5200D3D184 /* WebView.swift in Sources */,
				849981292B9C9184006828B4 /* TabBarController.swift in Sources */,
				CECCF5A62B9EF95400D9067C /* ServiceFactory.swift in Sources */,
				81C4F7CD2BCA76BB0046CC12 /* CitySelectionView.swift in Sources */,
				810AFE2D2BCC3C2C00D3D184 /* SearchButtonView.swift in Sources */,
				81A405DE2BC476EA000D8EE4 /* StoryModel.swift in Sources */,
				81A4060E2BC67383000D8EE4 /* Localization.swift in Sources */,
				810AFE3E2BCCCA1900D3D184 /* CarrierCardViewModel.swift in Sources */,
				CECCF5B32B9F3F3A00D9067C /* UIBlockingProgressHUD.swift in Sources */,
				CECCF5BD2BA0424400D9067C /* StationsList.swift in Sources */,
				810AFE492BCCE99100D3D184 /* SettingsView.swift in Sources */,
				CECCF5B62B9FA65300D9067C /* NearestSettlement.swift in Sources */,
				81B954112BCC24C9005AF285 /* RouteCardView.swift in Sources */,
				81A405EE2BC66B63000D8EE4 /* View+Extensions.swift in Sources */,
				81A405E62BC47AEE000D8EE4 /* ScheduleView.swift in Sources */,
				849981152B9C8FAA006828B4 /* AppDelegate.swift in Sources */,
				81B954042BCBDEFF005AF285 /* RoutesListViewModel.swift in Sources */,
				849981172B9C8FAA006828B4 /* SceneDelegate.swift in Sources */,
				CE9E64612B9E0FE100A2134A /* NearestStationsService.swift in Sources */,
				CEFBA2FF2B9E544D00269012 /* NetworkConstants.swift in Sources */,
				810AFE3B2BCCC8F300D3D184 /* CarrierCardView.swift in Sources */,
				CE9E647E2B9E372F00A2134A /* PointToPointService.swift in Sources */,
				81B953FB2BCB23E5005AF285 /* StationSelectionView.swift in Sources */,
				81A4060B2BC67008000D8EE4 /* Assets.generated.swift in Sources */,
				81B9540D2BCC1292005AF285 /* RouteModel.swift in Sources */,
				81B954012BCBDC0C005AF285 /* RoutesListView.swift in Sources */,
				81C4F7D12BCA808A0046CC12 /* CitySelectionViewModel.swift in Sources */,
				81A405D62BC47502000D8EE4 /* StoriesSingleView.swift in Sources */,
				81B954092BCBE0D1005AF285 /* StationModel.swift in Sources */,
				CEFBA3022B9EE90C00269012 /* ScheduleOnStationService.swift in Sources */,
				81A405F72BC66D49000D8EE4 /* StoriesView.swift in Sources */,
				81A405BC2BC30857000D8EE4 /* ContentView.swift in Sources */,
				81A405E42BC47AB5000D8EE4 /* ScheduleViewModel.swift in Sources */,
			);
			runOnlyForDeploymentPostprocessing = 0;
		};
/* End PBXSourcesBuildPhase section */

/* Begin PBXTargetDependency section */
		CE9E64572B9E0E7300A2134A /* PBXTargetDependency */ = {
			isa = PBXTargetDependency;
			productRef = CE9E64562B9E0E7300A2134A /* OpenAPIGenerator */;
		};
/* End PBXTargetDependency section */

/* Begin PBXVariantGroup section */
		81A406042BC66EB6000D8EE4 /* Localizable.strings */ = {
			isa = PBXVariantGroup;
			children = (
				81A406052BC66EB6000D8EE4 /* en */,
			);
			name = Localizable.strings;
			sourceTree = "<group>";
		};
		8499811F2B9C8FB2006828B4 /* LaunchScreen.storyboard */ = {
			isa = PBXVariantGroup;
			children = (
				849981202B9C8FB2006828B4 /* Base */,
			);
			name = LaunchScreen.storyboard;
			sourceTree = "<group>";
		};
/* End PBXVariantGroup section */

/* Begin XCBuildConfiguration section */
		849981232B9C8FB2006828B4 /* Debug */ = {
			isa = XCBuildConfiguration;
			buildSettings = {
				ALWAYS_SEARCH_USER_PATHS = NO;
				CLANG_ANALYZER_NONNULL = YES;
				CLANG_ANALYZER_NUMBER_OBJECT_CONVERSION = YES_AGGRESSIVE;
				CLANG_CXX_LANGUAGE_STANDARD = "gnu++20";
				CLANG_ENABLE_MODULES = YES;
				CLANG_ENABLE_OBJC_ARC = YES;
				CLANG_ENABLE_OBJC_WEAK = YES;
				CLANG_WARN_BLOCK_CAPTURE_AUTORELEASING = YES;
				CLANG_WARN_BOOL_CONVERSION = YES;
				CLANG_WARN_COMMA = YES;
				CLANG_WARN_CONSTANT_CONVERSION = YES;
				CLANG_WARN_DEPRECATED_OBJC_IMPLEMENTATIONS = YES;
				CLANG_WARN_DIRECT_OBJC_ISA_USAGE = YES_ERROR;
				CLANG_WARN_DOCUMENTATION_COMMENTS = YES;
				CLANG_WARN_EMPTY_BODY = YES;
				CLANG_WARN_ENUM_CONVERSION = YES;
				CLANG_WARN_INFINITE_RECURSION = YES;
				CLANG_WARN_INT_CONVERSION = YES;
				CLANG_WARN_NON_LITERAL_NULL_CONVERSION = YES;
				CLANG_WARN_OBJC_IMPLICIT_RETAIN_SELF = YES;
				CLANG_WARN_OBJC_LITERAL_CONVERSION = YES;
				CLANG_WARN_OBJC_ROOT_CLASS = YES_ERROR;
				CLANG_WARN_QUOTED_INCLUDE_IN_FRAMEWORK_HEADER = YES;
				CLANG_WARN_RANGE_LOOP_ANALYSIS = YES;
				CLANG_WARN_STRICT_PROTOTYPES = YES;
				CLANG_WARN_SUSPICIOUS_MOVE = YES;
				CLANG_WARN_UNGUARDED_AVAILABILITY = YES_AGGRESSIVE;
				CLANG_WARN_UNREACHABLE_CODE = YES;
				CLANG_WARN__DUPLICATE_METHOD_MATCH = YES;
				COPY_PHASE_STRIP = NO;
				DEBUG_INFORMATION_FORMAT = dwarf;
				ENABLE_STRICT_OBJC_MSGSEND = YES;
				ENABLE_TESTABILITY = YES;
				GCC_C_LANGUAGE_STANDARD = gnu11;
				GCC_DYNAMIC_NO_PIC = NO;
				GCC_NO_COMMON_BLOCKS = YES;
				GCC_OPTIMIZATION_LEVEL = 0;
				GCC_PREPROCESSOR_DEFINITIONS = (
					"DEBUG=1",
					"$(inherited)",
				);
				GCC_WARN_64_TO_32_BIT_CONVERSION = YES;
				GCC_WARN_ABOUT_RETURN_TYPE = YES_ERROR;
				GCC_WARN_UNDECLARED_SELECTOR = YES;
				GCC_WARN_UNINITIALIZED_AUTOS = YES_AGGRESSIVE;
				GCC_WARN_UNUSED_FUNCTION = YES;
				GCC_WARN_UNUSED_VARIABLE = YES;
				IPHONEOS_DEPLOYMENT_TARGET = 16.0;
				MTL_ENABLE_DEBUG_INFO = INCLUDE_SOURCE;
				MTL_FAST_MATH = YES;
				ONLY_ACTIVE_ARCH = YES;
				SDKROOT = iphoneos;
				SWIFT_ACTIVE_COMPILATION_CONDITIONS = DEBUG;
				SWIFT_OPTIMIZATION_LEVEL = "-Onone";
			};
			name = Debug;
		};
		849981242B9C8FB2006828B4 /* Release */ = {
			isa = XCBuildConfiguration;
			buildSettings = {
				ALWAYS_SEARCH_USER_PATHS = NO;
				CLANG_ANALYZER_NONNULL = YES;
				CLANG_ANALYZER_NUMBER_OBJECT_CONVERSION = YES_AGGRESSIVE;
				CLANG_CXX_LANGUAGE_STANDARD = "gnu++20";
				CLANG_ENABLE_MODULES = YES;
				CLANG_ENABLE_OBJC_ARC = YES;
				CLANG_ENABLE_OBJC_WEAK = YES;
				CLANG_WARN_BLOCK_CAPTURE_AUTORELEASING = YES;
				CLANG_WARN_BOOL_CONVERSION = YES;
				CLANG_WARN_COMMA = YES;
				CLANG_WARN_CONSTANT_CONVERSION = YES;
				CLANG_WARN_DEPRECATED_OBJC_IMPLEMENTATIONS = YES;
				CLANG_WARN_DIRECT_OBJC_ISA_USAGE = YES_ERROR;
				CLANG_WARN_DOCUMENTATION_COMMENTS = YES;
				CLANG_WARN_EMPTY_BODY = YES;
				CLANG_WARN_ENUM_CONVERSION = YES;
				CLANG_WARN_INFINITE_RECURSION = YES;
				CLANG_WARN_INT_CONVERSION = YES;
				CLANG_WARN_NON_LITERAL_NULL_CONVERSION = YES;
				CLANG_WARN_OBJC_IMPLICIT_RETAIN_SELF = YES;
				CLANG_WARN_OBJC_LITERAL_CONVERSION = YES;
				CLANG_WARN_OBJC_ROOT_CLASS = YES_ERROR;
				CLANG_WARN_QUOTED_INCLUDE_IN_FRAMEWORK_HEADER = YES;
				CLANG_WARN_RANGE_LOOP_ANALYSIS = YES;
				CLANG_WARN_STRICT_PROTOTYPES = YES;
				CLANG_WARN_SUSPICIOUS_MOVE = YES;
				CLANG_WARN_UNGUARDED_AVAILABILITY = YES_AGGRESSIVE;
				CLANG_WARN_UNREACHABLE_CODE = YES;
				CLANG_WARN__DUPLICATE_METHOD_MATCH = YES;
				COPY_PHASE_STRIP = NO;
				DEBUG_INFORMATION_FORMAT = "dwarf-with-dsym";
				ENABLE_NS_ASSERTIONS = NO;
				ENABLE_STRICT_OBJC_MSGSEND = YES;
				GCC_C_LANGUAGE_STANDARD = gnu11;
				GCC_NO_COMMON_BLOCKS = YES;
				GCC_WARN_64_TO_32_BIT_CONVERSION = YES;
				GCC_WARN_ABOUT_RETURN_TYPE = YES_ERROR;
				GCC_WARN_UNDECLARED_SELECTOR = YES;
				GCC_WARN_UNINITIALIZED_AUTOS = YES_AGGRESSIVE;
				GCC_WARN_UNUSED_FUNCTION = YES;
				GCC_WARN_UNUSED_VARIABLE = YES;
				IPHONEOS_DEPLOYMENT_TARGET = 16.0;
				MTL_ENABLE_DEBUG_INFO = NO;
				MTL_FAST_MATH = YES;
				SDKROOT = iphoneos;
				SWIFT_COMPILATION_MODE = wholemodule;
				SWIFT_OPTIMIZATION_LEVEL = "-O";
				VALIDATE_PRODUCT = YES;
			};
			name = Release;
		};
		849981262B9C8FB2006828B4 /* Debug */ = {
			isa = XCBuildConfiguration;
			buildSettings = {
				ASSETCATALOG_COMPILER_APPICON_NAME = AppIcon;
				ASSETCATALOG_COMPILER_GLOBAL_ACCENT_COLOR_NAME = AccentColor;
				CODE_SIGN_STYLE = Automatic;
				CURRENT_PROJECT_VERSION = 1;
				DEVELOPMENT_TEAM = Q9BL3YJ6S3;
				GENERATE_INFOPLIST_FILE = YES;
				INFOPLIST_FILE = TravelSchedule/Info.plist;
				INFOPLIST_KEY_UIApplicationSupportsIndirectInputEvents = YES;
				INFOPLIST_KEY_UILaunchStoryboardName = LaunchScreen;
				INFOPLIST_KEY_UIMainStoryboardFile = "";
				INFOPLIST_KEY_UIStatusBarStyle = UIStatusBarStyleLightContent;
				INFOPLIST_KEY_UISupportedInterfaceOrientations_iPad = "UIInterfaceOrientationPortrait UIInterfaceOrientationPortraitUpsideDown UIInterfaceOrientationLandscapeLeft UIInterfaceOrientationLandscapeRight";
				INFOPLIST_KEY_UISupportedInterfaceOrientations_iPhone = "UIInterfaceOrientationPortrait UIInterfaceOrientationLandscapeLeft UIInterfaceOrientationLandscapeRight";
				IPHONEOS_DEPLOYMENT_TARGET = 16.0;
				LD_RUNPATH_SEARCH_PATHS = (
					"$(inherited)",
					"@executable_path/Frameworks",
				);
				MARKETING_VERSION = 1.0;
				PRODUCT_BUNDLE_IDENTIFIER = ru.yandex.practicum.ognerub.TravelSchedule;
				PRODUCT_NAME = "$(TARGET_NAME)";
				SUPPORTED_PLATFORMS = "iphoneos iphonesimulator";
				SUPPORTS_MACCATALYST = NO;
				SUPPORTS_MAC_DESIGNED_FOR_IPHONE_IPAD = NO;
				SWIFT_EMIT_LOC_STRINGS = YES;
				SWIFT_VERSION = 5.0;
				TARGETED_DEVICE_FAMILY = 1;
			};
			name = Debug;
		};
		849981272B9C8FB2006828B4 /* Release */ = {
			isa = XCBuildConfiguration;
			buildSettings = {
				ASSETCATALOG_COMPILER_APPICON_NAME = AppIcon;
				ASSETCATALOG_COMPILER_GLOBAL_ACCENT_COLOR_NAME = AccentColor;
				CODE_SIGN_STYLE = Automatic;
				CURRENT_PROJECT_VERSION = 1;
				DEVELOPMENT_TEAM = Q9BL3YJ6S3;
				GENERATE_INFOPLIST_FILE = YES;
				INFOPLIST_FILE = TravelSchedule/Info.plist;
				INFOPLIST_KEY_UIApplicationSupportsIndirectInputEvents = YES;
				INFOPLIST_KEY_UILaunchStoryboardName = LaunchScreen;
				INFOPLIST_KEY_UIMainStoryboardFile = "";
				INFOPLIST_KEY_UIStatusBarStyle = UIStatusBarStyleLightContent;
				INFOPLIST_KEY_UISupportedInterfaceOrientations_iPad = "UIInterfaceOrientationPortrait UIInterfaceOrientationPortraitUpsideDown UIInterfaceOrientationLandscapeLeft UIInterfaceOrientationLandscapeRight";
				INFOPLIST_KEY_UISupportedInterfaceOrientations_iPhone = "UIInterfaceOrientationPortrait UIInterfaceOrientationLandscapeLeft UIInterfaceOrientationLandscapeRight";
				IPHONEOS_DEPLOYMENT_TARGET = 16.0;
				LD_RUNPATH_SEARCH_PATHS = (
					"$(inherited)",
					"@executable_path/Frameworks",
				);
				MARKETING_VERSION = 1.0;
				PRODUCT_BUNDLE_IDENTIFIER = ru.yandex.practicum.ognerub.TravelSchedule;
				PRODUCT_NAME = "$(TARGET_NAME)";
				SUPPORTED_PLATFORMS = "iphoneos iphonesimulator";
				SUPPORTS_MACCATALYST = NO;
				SUPPORTS_MAC_DESIGNED_FOR_IPHONE_IPAD = NO;
				SWIFT_EMIT_LOC_STRINGS = YES;
				SWIFT_VERSION = 5.0;
				TARGETED_DEVICE_FAMILY = 1;
			};
			name = Release;
		};
/* End XCBuildConfiguration section */

/* Begin XCConfigurationList section */
		8499810C2B9C8FAA006828B4 /* Build configuration list for PBXProject "TravelSchedule" */ = {
			isa = XCConfigurationList;
			buildConfigurations = (
				849981232B9C8FB2006828B4 /* Debug */,
				849981242B9C8FB2006828B4 /* Release */,
			);
			defaultConfigurationIsVisible = 0;
			defaultConfigurationName = Release;
		};
		849981252B9C8FB2006828B4 /* Build configuration list for PBXNativeTarget "TravelSchedule" */ = {
			isa = XCConfigurationList;
			buildConfigurations = (
				849981262B9C8FB2006828B4 /* Debug */,
				849981272B9C8FB2006828B4 /* Release */,
			);
			defaultConfigurationIsVisible = 0;
			defaultConfigurationName = Release;
		};
/* End XCConfigurationList section */

/* Begin XCRemoteSwiftPackageReference section */
		CE9E644B2B9E080600A2134A /* XCRemoteSwiftPackageReference "swift-openapi-generator" */ = {
			isa = XCRemoteSwiftPackageReference;
			repositoryURL = "https://github.com/apple/swift-openapi-generator";
			requirement = {
				kind = upToNextMajorVersion;
				minimumVersion = 1.2.1;
			};
		};
		CE9E64502B9E080600A2134A /* XCRemoteSwiftPackageReference "swift-openapi-runtime" */ = {
			isa = XCRemoteSwiftPackageReference;
			repositoryURL = "https://github.com/apple/swift-openapi-runtime";
			requirement = {
				kind = upToNextMajorVersion;
				minimumVersion = 1.3.2;
			};
		};
		CE9E64532B9E0DF000A2134A /* XCRemoteSwiftPackageReference "swift-openapi-urlsession" */ = {
			isa = XCRemoteSwiftPackageReference;
			repositoryURL = "https://github.com/apple/swift-openapi-urlsession";
			requirement = {
				kind = upToNextMajorVersion;
				minimumVersion = 1.0.1;
			};
		};
		CECCF5BF2BA0569200D9067C /* XCRemoteSwiftPackageReference "SwiftSoup" */ = {
			isa = XCRemoteSwiftPackageReference;
			repositoryURL = "https://github.com/scinfu/SwiftSoup.git";
			requirement = {
				kind = upToNextMajorVersion;
				minimumVersion = 2.7.1;
			};
		};
/* End XCRemoteSwiftPackageReference section */

/* Begin XCSwiftPackageProductDependency section */
		CE9E64512B9E080600A2134A /* OpenAPIRuntime */ = {
			isa = XCSwiftPackageProductDependency;
			package = CE9E64502B9E080600A2134A /* XCRemoteSwiftPackageReference "swift-openapi-runtime" */;
			productName = OpenAPIRuntime;
		};
		CE9E64542B9E0DF000A2134A /* OpenAPIURLSession */ = {
			isa = XCSwiftPackageProductDependency;
			package = CE9E64532B9E0DF000A2134A /* XCRemoteSwiftPackageReference "swift-openapi-urlsession" */;
			productName = OpenAPIURLSession;
		};
		CE9E64562B9E0E7300A2134A /* OpenAPIGenerator */ = {
			isa = XCSwiftPackageProductDependency;
			package = CE9E644B2B9E080600A2134A /* XCRemoteSwiftPackageReference "swift-openapi-generator" */;
			productName = "plugin:OpenAPIGenerator";
		};
		CECCF5C02BA0569200D9067C /* SwiftSoup */ = {
			isa = XCSwiftPackageProductDependency;
			package = CECCF5BF2BA0569200D9067C /* XCRemoteSwiftPackageReference "SwiftSoup" */;
			productName = SwiftSoup;
		};
/* End XCSwiftPackageProductDependency section */
	};
	rootObject = 849981092B9C8FAA006828B4 /* Project object */;
}
