// !$*UTF8*$!
{
	archiveVersion = 1;
	classes = {
	};
	objectVersion = 56;
	objects = {

/* Begin PBXBuildFile section */
		811C7C462C395A610071D9C4 /* MainScreenView.swift in Sources */ = {isa = PBXBuildFile; fileRef = 811C7C1A2C395A610071D9C4 /* MainScreenView.swift */; };
		811C7C472C395A610071D9C4 /* MainScreenViewModel.swift in Sources */ = {isa = PBXBuildFile; fileRef = 811C7C1B2C395A610071D9C4 /* MainScreenViewModel.swift */; };
		811C7C482C395A610071D9C4 /* CarrierCardView.swift in Sources */ = {isa = PBXBuildFile; fileRef = 811C7C1D2C395A610071D9C4 /* CarrierCardView.swift */; };
		811C7C492C395A610071D9C4 /* CarrierCardViewModel.swift in Sources */ = {isa = PBXBuildFile; fileRef = 811C7C1E2C395A610071D9C4 /* CarrierCardViewModel.swift */; };
		811C7C4A2C395A610071D9C4 /* CarrierContactTextView.swift in Sources */ = {isa = PBXBuildFile; fileRef = 811C7C1F2C395A610071D9C4 /* CarrierContactTextView.swift */; };
		811C7C4B2C395A610071D9C4 /* CarrierLogoView.swift in Sources */ = {isa = PBXBuildFile; fileRef = 811C7C202C395A610071D9C4 /* CarrierLogoView.swift */; };
		811C7C4C2C395A610071D9C4 /* CitySelectionView.swift in Sources */ = {isa = PBXBuildFile; fileRef = 811C7C222C395A610071D9C4 /* CitySelectionView.swift */; };
		811C7C4D2C395A610071D9C4 /* CitySelectionViewModel.swift in Sources */ = {isa = PBXBuildFile; fileRef = 811C7C232C395A610071D9C4 /* CitySelectionViewModel.swift */; };
		811C7C4E2C395A610071D9C4 /* FromToTexField.swift in Sources */ = {isa = PBXBuildFile; fileRef = 811C7C242C395A610071D9C4 /* FromToTexField.swift */; };
		811C7C4F2C395A610071D9C4 /* FromToView.swift in Sources */ = {isa = PBXBuildFile; fileRef = 811C7C252C395A610071D9C4 /* FromToView.swift */; };
		811C7C502C395A610071D9C4 /* SearchButtonView.swift in Sources */ = {isa = PBXBuildFile; fileRef = 811C7C262C395A610071D9C4 /* SearchButtonView.swift */; };
		811C7C512C395A610071D9C4 /* StationSelectionView.swift in Sources */ = {isa = PBXBuildFile; fileRef = 811C7C272C395A610071D9C4 /* StationSelectionView.swift */; };
		811C7C522C395A610071D9C4 /* StationSelectionViewModel.swift in Sources */ = {isa = PBXBuildFile; fileRef = 811C7C282C395A610071D9C4 /* StationSelectionViewModel.swift */; };
		811C7C532C395A610071D9C4 /* RouteCardView.swift in Sources */ = {isa = PBXBuildFile; fileRef = 811C7C2A2C395A610071D9C4 /* RouteCardView.swift */; };
		811C7C542C395A610071D9C4 /* RoutesListView.swift in Sources */ = {isa = PBXBuildFile; fileRef = 811C7C2B2C395A610071D9C4 /* RoutesListView.swift */; };
		811C7C552C395A610071D9C4 /* RoutesListViewModel.swift in Sources */ = {isa = PBXBuildFile; fileRef = 811C7C2C2C395A610071D9C4 /* RoutesListViewModel.swift */; };
		811C7C562C395A610071D9C4 /* ToogleCheckBoxView.swift in Sources */ = {isa = PBXBuildFile; fileRef = 811C7C2E2C395A610071D9C4 /* ToogleCheckBoxView.swift */; };
		811C7C572C395A610071D9C4 /* ToogleCircleView.swift in Sources */ = {isa = PBXBuildFile; fileRef = 811C7C2F2C395A610071D9C4 /* ToogleCircleView.swift */; };
		811C7C582C395A610071D9C4 /* SpecifyTimeView.swift in Sources */ = {isa = PBXBuildFile; fileRef = 811C7C312C395A610071D9C4 /* SpecifyTimeView.swift */; };
		811C7C592C395A610071D9C4 /* ProgressBarView.swift in Sources */ = {isa = PBXBuildFile; fileRef = 811C7C332C395A610071D9C4 /* ProgressBarView.swift */; };
		811C7C5A2C395A610071D9C4 /* StoriesProgressBar.swift in Sources */ = {isa = PBXBuildFile; fileRef = 811C7C342C395A610071D9C4 /* StoriesProgressBar.swift */; };
		811C7C5B2C395A610071D9C4 /* StoriesTabView.swift in Sources */ = {isa = PBXBuildFile; fileRef = 811C7C352C395A610071D9C4 /* StoriesTabView.swift */; };
		811C7C5C2C395A610071D9C4 /* StoriesView.swift in Sources */ = {isa = PBXBuildFile; fileRef = 811C7C362C395A610071D9C4 /* StoriesView.swift */; };
		811C7C5E2C395A610071D9C4 /* StoryView.swift in Sources */ = {isa = PBXBuildFile; fileRef = 811C7C382C395A610071D9C4 /* StoryView.swift */; };
		811C7C5F2C395A610071D9C4 /* TimerConfiguration.swift in Sources */ = {isa = PBXBuildFile; fileRef = 811C7C392C395A610071D9C4 /* TimerConfiguration.swift */; };
		811C7C602C395A610071D9C4 /* ScheduleView.swift in Sources */ = {isa = PBXBuildFile; fileRef = 811C7C3B2C395A610071D9C4 /* ScheduleView.swift */; };
		811C7C622C395A610071D9C4 /* NoNetworkView.swift in Sources */ = {isa = PBXBuildFile; fileRef = 811C7C3E2C395A610071D9C4 /* NoNetworkView.swift */; };
		811C7C632C395A610071D9C4 /* SettingsScreenView.swift in Sources */ = {isa = PBXBuildFile; fileRef = 811C7C3F2C395A610071D9C4 /* SettingsScreenView.swift */; };
		811C7C642C395A610071D9C4 /* WebView.swift in Sources */ = {isa = PBXBuildFile; fileRef = 811C7C402C395A610071D9C4 /* WebView.swift */; };
		811C7C652C395A610071D9C4 /* CustomTextView.swift in Sources */ = {isa = PBXBuildFile; fileRef = 811C7C422C395A610071D9C4 /* CustomTextView.swift */; };
		811C7C662C395A610071D9C4 /* InfinityWidthButtonView.swift in Sources */ = {isa = PBXBuildFile; fileRef = 811C7C432C395A610071D9C4 /* InfinityWidthButtonView.swift */; };
		81391FCD2C454C3C001B7E14 /* Localizable.stringsdict in Resources */ = {isa = PBXBuildFile; fileRef = 81391FCB2C454C3C001B7E14 /* Localizable.stringsdict */; };
		81391FD12C455F58001B7E14 /* SVGKit in Frameworks */ = {isa = PBXBuildFile; productRef = 81391FD02C455F58001B7E14 /* SVGKit */; };
		81391FD32C455F58001B7E14 /* SVGKitSwift in Frameworks */ = {isa = PBXBuildFile; productRef = 81391FD22C455F58001B7E14 /* SVGKitSwift */; };
		81391FD62C45602A001B7E14 /* SVGAsyncImage.swift in Sources */ = {isa = PBXBuildFile; fileRef = 81391FD52C45602A001B7E14 /* SVGAsyncImage.swift */; };
		81391FD92C458CEC001B7E14 /* AsyncImageView.swift in Sources */ = {isa = PBXBuildFile; fileRef = 81391FD82C458CEC001B7E14 /* AsyncImageView.swift */; };
		81391FDD2C4595CE001B7E14 /* Kingfisher in Frameworks */ = {isa = PBXBuildFile; productRef = 81391FDC2C4595CE001B7E14 /* Kingfisher */; };
		8142A0E72C4A45E9002169AE /* SettingsViewModel.swift in Sources */ = {isa = PBXBuildFile; fileRef = 8142A0E62C4A45E9002169AE /* SettingsViewModel.swift */; };
		8142A0EA2C4B8BAB002169AE /* SVGAsyncImageViewModel.swift in Sources */ = {isa = PBXBuildFile; fileRef = 8142A0E92C4B8BAB002169AE /* SVGAsyncImageViewModel.swift */; };
		8142A0ED2C4BA51B002169AE /* DateManager.swift in Sources */ = {isa = PBXBuildFile; fileRef = 8142A0EC2C4BA51B002169AE /* DateManager.swift */; };
		8142A0F02C4BACCE002169AE /* BindingType.swift in Sources */ = {isa = PBXBuildFile; fileRef = 8142A0EF2C4BACCE002169AE /* BindingType.swift */; };
		8146AF0C2C493BCA00C98163 /* StoryCardView.swift in Sources */ = {isa = PBXBuildFile; fileRef = 8146AF0B2C493BCA00C98163 /* StoryCardView.swift */; };
		8146AF0F2C493BDB00C98163 /* StoriesSingleView.swift in Sources */ = {isa = PBXBuildFile; fileRef = 8146AF0E2C493BDB00C98163 /* StoriesSingleView.swift */; };
		814D30342C3C0A030091A3EC /* RealmSwift in Frameworks */ = {isa = PBXBuildFile; productRef = 814D30332C3C0A030091A3EC /* RealmSwift */; };
		8169C5042C4C20A400E0A3DD /* RealmModels.swift in Sources */ = {isa = PBXBuildFile; fileRef = 8169C5032C4C20A400E0A3DD /* RealmModels.swift */; };
		81A405C72BC32134000D8EE4 /* NavigationApp.swift in Sources */ = {isa = PBXBuildFile; fileRef = 81A405C62BC32134000D8EE4 /* NavigationApp.swift */; };
		81A405CD2BC3270F000D8EE4 /* swiftgen.yml in Resources */ = {isa = PBXBuildFile; fileRef = 81A405CC2BC3270F000D8EE4 /* swiftgen.yml */; };
		81A405CF2BC327C3000D8EE4 /* Colors.xcassets in Resources */ = {isa = PBXBuildFile; fileRef = 81A405CE2BC327C3000D8EE4 /* Colors.xcassets */; };
		81A405DE2BC476EA000D8EE4 /* StoryModel.swift in Sources */ = {isa = PBXBuildFile; fileRef = 81A405DD2BC476EA000D8EE4 /* StoryModel.swift */; };
		81A405EE2BC66B63000D8EE4 /* View+Extensions.swift in Sources */ = {isa = PBXBuildFile; fileRef = 81A405ED2BC66B63000D8EE4 /* View+Extensions.swift */; };
		81A406062BC66EB6000D8EE4 /* Localizable.strings in Resources */ = {isa = PBXBuildFile; fileRef = 81A406042BC66EB6000D8EE4 /* Localizable.strings */; };
		81A4060B2BC67008000D8EE4 /* Assets.generated.swift in Sources */ = {isa = PBXBuildFile; fileRef = 81A406082BC67008000D8EE4 /* Assets.generated.swift */; };
		81A4060C2BC67008000D8EE4 /* template.stencil in Resources */ = {isa = PBXBuildFile; fileRef = 81A406092BC67008000D8EE4 /* template.stencil */; };
		81A4060E2BC67383000D8EE4 /* Localization.swift in Sources */ = {isa = PBXBuildFile; fileRef = 81A4060D2BC67383000D8EE4 /* Localization.swift */; };
		81B88E002C40789600899C7C /* RealmStorageService.swift in Sources */ = {isa = PBXBuildFile; fileRef = 81B88DFF2C40789600899C7C /* RealmStorageService.swift */; };
		81B88E042C41C23100899C7C /* Enum+Extension.swift in Sources */ = {isa = PBXBuildFile; fileRef = 81B88E032C41C23100899C7C /* Enum+Extension.swift */; };
		81B9540D2BCC1292005AF285 /* RouteModel.swift in Sources */ = {isa = PBXBuildFile; fileRef = 81B9540C2BCC1292005AF285 /* RouteModel.swift */; };
		81FFD9CC2C39806B002CDA87 /* NetworkService.swift in Sources */ = {isa = PBXBuildFile; fileRef = 81FFD9CB2C39806B002CDA87 /* NetworkService.swift */; };
		81FFD9D02C39814A002CDA87 /* StoriesViewModel.swift in Sources */ = {isa = PBXBuildFile; fileRef = 81FFD9CF2C39814A002CDA87 /* StoriesViewModel.swift */; };
		8499811E2B9C8FB2006828B4 /* Assets.xcassets in Resources */ = {isa = PBXBuildFile; fileRef = 8499811D2B9C8FB2006828B4 /* Assets.xcassets */; };
		849981212B9C8FB2006828B4 /* LaunchScreen.storyboard in Resources */ = {isa = PBXBuildFile; fileRef = 8499811F2B9C8FB2006828B4 /* LaunchScreen.storyboard */; };
		CE9E64522B9E080600A2134A /* OpenAPIRuntime in Frameworks */ = {isa = PBXBuildFile; productRef = CE9E64512B9E080600A2134A /* OpenAPIRuntime */; };
		CE9E64552B9E0DF000A2134A /* OpenAPIURLSession in Frameworks */ = {isa = PBXBuildFile; productRef = CE9E64542B9E0DF000A2134A /* OpenAPIURLSession */; };
		CE9E64592B9E0ECB00A2134A /* openapi.yaml in Resources */ = {isa = PBXBuildFile; fileRef = CE9E64582B9E0ECB00A2134A /* openapi.yaml */; };
		CE9E645E2B9E0F7C00A2134A /* openapi-generator-config.yaml in Resources */ = {isa = PBXBuildFile; fileRef = CE9E645D2B9E0F7B00A2134A /* openapi-generator-config.yaml */; };
		CE9E64612B9E0FE100A2134A /* NearestStationsService.swift in Sources */ = {isa = PBXBuildFile; fileRef = CE9E64602B9E0FE100A2134A /* NearestStationsService.swift */; };
		CE9E646F2B9E1FE100A2134A /* String+Extensions.swift in Sources */ = {isa = PBXBuildFile; fileRef = CE9E646E2B9E1FE100A2134A /* String+Extensions.swift */; };
		CE9E647E2B9E372F00A2134A /* PointToPointService.swift in Sources */ = {isa = PBXBuildFile; fileRef = CE9E647D2B9E372F00A2134A /* PointToPointService.swift */; };
		CECCF5A62B9EF95400D9067C /* ServiceFactory.swift in Sources */ = {isa = PBXBuildFile; fileRef = CECCF5A52B9EF95400D9067C /* ServiceFactory.swift */; };
		CECCF5A82B9F113400D9067C /* ThreadInformationService.swift in Sources */ = {isa = PBXBuildFile; fileRef = CECCF5A72B9F113400D9067C /* ThreadInformationService.swift */; };
		CECCF5B62B9FA65300D9067C /* NearestSettlement.swift in Sources */ = {isa = PBXBuildFile; fileRef = CECCF5B52B9FA65300D9067C /* NearestSettlement.swift */; };
		CECCF5B92BA033B700D9067C /* CarriersInformationService.swift in Sources */ = {isa = PBXBuildFile; fileRef = CECCF5B82BA033B700D9067C /* CarriersInformationService.swift */; };
		CECCF5BD2BA0424400D9067C /* StationsList.swift in Sources */ = {isa = PBXBuildFile; fileRef = CECCF5BC2BA0424400D9067C /* StationsList.swift */; };
		CEFBA2FF2B9E544D00269012 /* NetworkConstants.swift in Sources */ = {isa = PBXBuildFile; fileRef = CEFBA2FE2B9E544D00269012 /* NetworkConstants.swift */; };
		CEFBA3022B9EE90C00269012 /* ScheduleOnStationService.swift in Sources */ = {isa = PBXBuildFile; fileRef = CEFBA3012B9EE90C00269012 /* ScheduleOnStationService.swift */; };
/* End PBXBuildFile section */

/* Begin PBXFileReference section */
		811C7C1A2C395A610071D9C4 /* MainScreenView.swift */ = {isa = PBXFileReference; fileEncoding = 4; lastKnownFileType = sourcecode.swift; path = MainScreenView.swift; sourceTree = "<group>"; };
		811C7C1B2C395A610071D9C4 /* MainScreenViewModel.swift */ = {isa = PBXFileReference; fileEncoding = 4; lastKnownFileType = sourcecode.swift; path = MainScreenViewModel.swift; sourceTree = "<group>"; };
		811C7C1D2C395A610071D9C4 /* CarrierCardView.swift */ = {isa = PBXFileReference; fileEncoding = 4; lastKnownFileType = sourcecode.swift; path = CarrierCardView.swift; sourceTree = "<group>"; };
		811C7C1E2C395A610071D9C4 /* CarrierCardViewModel.swift */ = {isa = PBXFileReference; fileEncoding = 4; lastKnownFileType = sourcecode.swift; path = CarrierCardViewModel.swift; sourceTree = "<group>"; };
		811C7C1F2C395A610071D9C4 /* CarrierContactTextView.swift */ = {isa = PBXFileReference; fileEncoding = 4; lastKnownFileType = sourcecode.swift; path = CarrierContactTextView.swift; sourceTree = "<group>"; };
		811C7C202C395A610071D9C4 /* CarrierLogoView.swift */ = {isa = PBXFileReference; fileEncoding = 4; lastKnownFileType = sourcecode.swift; path = CarrierLogoView.swift; sourceTree = "<group>"; };
		811C7C222C395A610071D9C4 /* CitySelectionView.swift */ = {isa = PBXFileReference; fileEncoding = 4; lastKnownFileType = sourcecode.swift; path = CitySelectionView.swift; sourceTree = "<group>"; };
		811C7C232C395A610071D9C4 /* CitySelectionViewModel.swift */ = {isa = PBXFileReference; fileEncoding = 4; lastKnownFileType = sourcecode.swift; path = CitySelectionViewModel.swift; sourceTree = "<group>"; };
		811C7C242C395A610071D9C4 /* FromToTexField.swift */ = {isa = PBXFileReference; fileEncoding = 4; lastKnownFileType = sourcecode.swift; path = FromToTexField.swift; sourceTree = "<group>"; };
		811C7C252C395A610071D9C4 /* FromToView.swift */ = {isa = PBXFileReference; fileEncoding = 4; lastKnownFileType = sourcecode.swift; path = FromToView.swift; sourceTree = "<group>"; };
		811C7C262C395A610071D9C4 /* SearchButtonView.swift */ = {isa = PBXFileReference; fileEncoding = 4; lastKnownFileType = sourcecode.swift; path = SearchButtonView.swift; sourceTree = "<group>"; };
		811C7C272C395A610071D9C4 /* StationSelectionView.swift */ = {isa = PBXFileReference; fileEncoding = 4; lastKnownFileType = sourcecode.swift; path = StationSelectionView.swift; sourceTree = "<group>"; };
		811C7C282C395A610071D9C4 /* StationSelectionViewModel.swift */ = {isa = PBXFileReference; fileEncoding = 4; lastKnownFileType = sourcecode.swift; path = StationSelectionViewModel.swift; sourceTree = "<group>"; };
		811C7C2A2C395A610071D9C4 /* RouteCardView.swift */ = {isa = PBXFileReference; fileEncoding = 4; lastKnownFileType = sourcecode.swift; path = RouteCardView.swift; sourceTree = "<group>"; };
		811C7C2B2C395A610071D9C4 /* RoutesListView.swift */ = {isa = PBXFileReference; fileEncoding = 4; lastKnownFileType = sourcecode.swift; path = RoutesListView.swift; sourceTree = "<group>"; };
		811C7C2C2C395A610071D9C4 /* RoutesListViewModel.swift */ = {isa = PBXFileReference; fileEncoding = 4; lastKnownFileType = sourcecode.swift; path = RoutesListViewModel.swift; sourceTree = "<group>"; };
		811C7C2E2C395A610071D9C4 /* ToogleCheckBoxView.swift */ = {isa = PBXFileReference; fileEncoding = 4; lastKnownFileType = sourcecode.swift; path = ToogleCheckBoxView.swift; sourceTree = "<group>"; };
		811C7C2F2C395A610071D9C4 /* ToogleCircleView.swift */ = {isa = PBXFileReference; fileEncoding = 4; lastKnownFileType = sourcecode.swift; path = ToogleCircleView.swift; sourceTree = "<group>"; };
		811C7C312C395A610071D9C4 /* SpecifyTimeView.swift */ = {isa = PBXFileReference; fileEncoding = 4; lastKnownFileType = sourcecode.swift; path = SpecifyTimeView.swift; sourceTree = "<group>"; };
		811C7C332C395A610071D9C4 /* ProgressBarView.swift */ = {isa = PBXFileReference; fileEncoding = 4; lastKnownFileType = sourcecode.swift; path = ProgressBarView.swift; sourceTree = "<group>"; };
		811C7C342C395A610071D9C4 /* StoriesProgressBar.swift */ = {isa = PBXFileReference; fileEncoding = 4; lastKnownFileType = sourcecode.swift; path = StoriesProgressBar.swift; sourceTree = "<group>"; };
		811C7C352C395A610071D9C4 /* StoriesTabView.swift */ = {isa = PBXFileReference; fileEncoding = 4; lastKnownFileType = sourcecode.swift; path = StoriesTabView.swift; sourceTree = "<group>"; };
		811C7C362C395A610071D9C4 /* StoriesView.swift */ = {isa = PBXFileReference; fileEncoding = 4; lastKnownFileType = sourcecode.swift; path = StoriesView.swift; sourceTree = "<group>"; };
		811C7C382C395A610071D9C4 /* StoryView.swift */ = {isa = PBXFileReference; fileEncoding = 4; lastKnownFileType = sourcecode.swift; path = StoryView.swift; sourceTree = "<group>"; };
		811C7C392C395A610071D9C4 /* TimerConfiguration.swift */ = {isa = PBXFileReference; fileEncoding = 4; lastKnownFileType = sourcecode.swift; path = TimerConfiguration.swift; sourceTree = "<group>"; };
		811C7C3B2C395A610071D9C4 /* ScheduleView.swift */ = {isa = PBXFileReference; fileEncoding = 4; lastKnownFileType = sourcecode.swift; path = ScheduleView.swift; sourceTree = "<group>"; };
		811C7C3E2C395A610071D9C4 /* NoNetworkView.swift */ = {isa = PBXFileReference; fileEncoding = 4; lastKnownFileType = sourcecode.swift; path = NoNetworkView.swift; sourceTree = "<group>"; };
		811C7C3F2C395A610071D9C4 /* SettingsScreenView.swift */ = {isa = PBXFileReference; fileEncoding = 4; lastKnownFileType = sourcecode.swift; path = SettingsScreenView.swift; sourceTree = "<group>"; };
		811C7C402C395A610071D9C4 /* WebView.swift */ = {isa = PBXFileReference; fileEncoding = 4; lastKnownFileType = sourcecode.swift; path = WebView.swift; sourceTree = "<group>"; };
		811C7C422C395A610071D9C4 /* CustomTextView.swift */ = {isa = PBXFileReference; fileEncoding = 4; lastKnownFileType = sourcecode.swift; path = CustomTextView.swift; sourceTree = "<group>"; };
		811C7C432C395A610071D9C4 /* InfinityWidthButtonView.swift */ = {isa = PBXFileReference; fileEncoding = 4; lastKnownFileType = sourcecode.swift; path = InfinityWidthButtonView.swift; sourceTree = "<group>"; };
		81391FCC2C454C3C001B7E14 /* en */ = {isa = PBXFileReference; lastKnownFileType = text.plist.stringsdict; name = en; path = en.lproj/Localizable.stringsdict; sourceTree = "<group>"; };
		81391FD52C45602A001B7E14 /* SVGAsyncImage.swift */ = {isa = PBXFileReference; lastKnownFileType = sourcecode.swift; path = SVGAsyncImage.swift; sourceTree = "<group>"; };
		81391FD82C458CEC001B7E14 /* AsyncImageView.swift */ = {isa = PBXFileReference; lastKnownFileType = sourcecode.swift; path = AsyncImageView.swift; sourceTree = "<group>"; };
		81391FE02C45C994001B7E14 /* ru */ = {isa = PBXFileReference; lastKnownFileType = text.plist.strings; name = ru; path = ru.lproj/LaunchScreen.strings; sourceTree = "<group>"; };
		81391FE12C45C995001B7E14 /* ru */ = {isa = PBXFileReference; lastKnownFileType = text.plist.strings; name = ru; path = ru.lproj/Localizable.strings; sourceTree = "<group>"; };
		81391FE22C45C995001B7E14 /* ru */ = {isa = PBXFileReference; lastKnownFileType = text.plist.stringsdict; name = ru; path = ru.lproj/Localizable.stringsdict; sourceTree = "<group>"; };
		8142A0E62C4A45E9002169AE /* SettingsViewModel.swift */ = {isa = PBXFileReference; lastKnownFileType = sourcecode.swift; path = SettingsViewModel.swift; sourceTree = "<group>"; };
		8142A0E92C4B8BAB002169AE /* SVGAsyncImageViewModel.swift */ = {isa = PBXFileReference; lastKnownFileType = sourcecode.swift; path = SVGAsyncImageViewModel.swift; sourceTree = "<group>"; };
		8142A0EC2C4BA51B002169AE /* DateManager.swift */ = {isa = PBXFileReference; lastKnownFileType = sourcecode.swift; path = DateManager.swift; sourceTree = "<group>"; };
		8142A0EF2C4BACCE002169AE /* BindingType.swift */ = {isa = PBXFileReference; lastKnownFileType = sourcecode.swift; path = BindingType.swift; sourceTree = "<group>"; };
		8146AF0B2C493BCA00C98163 /* StoryCardView.swift */ = {isa = PBXFileReference; fileEncoding = 4; lastKnownFileType = sourcecode.swift; path = StoryCardView.swift; sourceTree = "<group>"; };
		8146AF0E2C493BDB00C98163 /* StoriesSingleView.swift */ = {isa = PBXFileReference; fileEncoding = 4; lastKnownFileType = sourcecode.swift; path = StoriesSingleView.swift; sourceTree = "<group>"; };
		8169C5032C4C20A400E0A3DD /* RealmModels.swift */ = {isa = PBXFileReference; lastKnownFileType = sourcecode.swift; path = RealmModels.swift; sourceTree = "<group>"; };
		81A405C62BC32134000D8EE4 /* NavigationApp.swift */ = {isa = PBXFileReference; lastKnownFileType = sourcecode.swift; path = NavigationApp.swift; sourceTree = "<group>"; };
		81A405CC2BC3270F000D8EE4 /* swiftgen.yml */ = {isa = PBXFileReference; fileEncoding = 4; lastKnownFileType = text.yaml; path = swiftgen.yml; sourceTree = "<group>"; };
		81A405CE2BC327C3000D8EE4 /* Colors.xcassets */ = {isa = PBXFileReference; lastKnownFileType = folder.assetcatalog; path = Colors.xcassets; sourceTree = "<group>"; };
		81A405DD2BC476EA000D8EE4 /* StoryModel.swift */ = {isa = PBXFileReference; lastKnownFileType = sourcecode.swift; path = StoryModel.swift; sourceTree = "<group>"; };
		81A405ED2BC66B63000D8EE4 /* View+Extensions.swift */ = {isa = PBXFileReference; lastKnownFileType = sourcecode.swift; path = "View+Extensions.swift"; sourceTree = "<group>"; };
		81A406052BC66EB6000D8EE4 /* en */ = {isa = PBXFileReference; lastKnownFileType = text.plist.strings; name = en; path = en.lproj/Localizable.strings; sourceTree = "<group>"; };
		81A406082BC67008000D8EE4 /* Assets.generated.swift */ = {isa = PBXFileReference; fileEncoding = 4; lastKnownFileType = sourcecode.swift; path = Assets.generated.swift; sourceTree = "<group>"; };
		81A406092BC67008000D8EE4 /* template.stencil */ = {isa = PBXFileReference; fileEncoding = 4; lastKnownFileType = text; path = template.stencil; sourceTree = "<group>"; };
		81A4060D2BC67383000D8EE4 /* Localization.swift */ = {isa = PBXFileReference; fileEncoding = 4; lastKnownFileType = sourcecode.swift; path = Localization.swift; sourceTree = "<group>"; };
		81B88DFF2C40789600899C7C /* RealmStorageService.swift */ = {isa = PBXFileReference; lastKnownFileType = sourcecode.swift; path = RealmStorageService.swift; sourceTree = "<group>"; };
		81B88E032C41C23100899C7C /* Enum+Extension.swift */ = {isa = PBXFileReference; lastKnownFileType = sourcecode.swift; path = "Enum+Extension.swift"; sourceTree = "<group>"; };
		81B9540C2BCC1292005AF285 /* RouteModel.swift */ = {isa = PBXFileReference; lastKnownFileType = sourcecode.swift; path = RouteModel.swift; sourceTree = "<group>"; };
		81FFD9CB2C39806B002CDA87 /* NetworkService.swift */ = {isa = PBXFileReference; lastKnownFileType = sourcecode.swift; path = NetworkService.swift; sourceTree = "<group>"; };
		81FFD9CF2C39814A002CDA87 /* StoriesViewModel.swift */ = {isa = PBXFileReference; lastKnownFileType = sourcecode.swift; path = StoriesViewModel.swift; sourceTree = "<group>"; };
		849981112B9C8FAA006828B4 /* TravelSchedule.app */ = {isa = PBXFileReference; explicitFileType = wrapper.application; includeInIndex = 0; path = TravelSchedule.app; sourceTree = BUILT_PRODUCTS_DIR; };
		8499811D2B9C8FB2006828B4 /* Assets.xcassets */ = {isa = PBXFileReference; lastKnownFileType = folder.assetcatalog; path = Assets.xcassets; sourceTree = "<group>"; };
		849981202B9C8FB2006828B4 /* Base */ = {isa = PBXFileReference; lastKnownFileType = file.storyboard; name = Base; path = Base.lproj/LaunchScreen.storyboard; sourceTree = "<group>"; };
		849981222B9C8FB2006828B4 /* Info.plist */ = {isa = PBXFileReference; lastKnownFileType = text.plist.xml; path = Info.plist; sourceTree = "<group>"; };
		CE9E64582B9E0ECB00A2134A /* openapi.yaml */ = {isa = PBXFileReference; fileEncoding = 4; lastKnownFileType = text.yaml; name = openapi.yaml; path = TravelSchedule/Resources/openapi.yaml; sourceTree = SOURCE_ROOT; xcLanguageSpecificationIdentifier = xcode.lang.yaml; };
		CE9E645D2B9E0F7B00A2134A /* openapi-generator-config.yaml */ = {isa = PBXFileReference; fileEncoding = 4; lastKnownFileType = text.yaml; path = "openapi-generator-config.yaml"; sourceTree = "<group>"; };
		CE9E64602B9E0FE100A2134A /* NearestStationsService.swift */ = {isa = PBXFileReference; lastKnownFileType = sourcecode.swift; path = NearestStationsService.swift; sourceTree = "<group>"; };
		CE9E646E2B9E1FE100A2134A /* String+Extensions.swift */ = {isa = PBXFileReference; lastKnownFileType = sourcecode.swift; path = "String+Extensions.swift"; sourceTree = "<group>"; };
		CE9E647D2B9E372F00A2134A /* PointToPointService.swift */ = {isa = PBXFileReference; lastKnownFileType = sourcecode.swift; path = PointToPointService.swift; sourceTree = "<group>"; };
		CECCF5A52B9EF95400D9067C /* ServiceFactory.swift */ = {isa = PBXFileReference; lastKnownFileType = sourcecode.swift; path = ServiceFactory.swift; sourceTree = "<group>"; };
		CECCF5A72B9F113400D9067C /* ThreadInformationService.swift */ = {isa = PBXFileReference; lastKnownFileType = sourcecode.swift; path = ThreadInformationService.swift; sourceTree = "<group>"; };
		CECCF5B52B9FA65300D9067C /* NearestSettlement.swift */ = {isa = PBXFileReference; lastKnownFileType = sourcecode.swift; path = NearestSettlement.swift; sourceTree = "<group>"; };
		CECCF5B82BA033B700D9067C /* CarriersInformationService.swift */ = {isa = PBXFileReference; lastKnownFileType = sourcecode.swift; path = CarriersInformationService.swift; sourceTree = "<group>"; };
		CECCF5BC2BA0424400D9067C /* StationsList.swift */ = {isa = PBXFileReference; lastKnownFileType = sourcecode.swift; path = StationsList.swift; sourceTree = "<group>"; };
		CEFBA2FE2B9E544D00269012 /* NetworkConstants.swift */ = {isa = PBXFileReference; lastKnownFileType = sourcecode.swift; path = NetworkConstants.swift; sourceTree = "<group>"; };
		CEFBA3012B9EE90C00269012 /* ScheduleOnStationService.swift */ = {isa = PBXFileReference; lastKnownFileType = sourcecode.swift; path = ScheduleOnStationService.swift; sourceTree = "<group>"; };
/* End PBXFileReference section */

/* Begin PBXFrameworksBuildPhase section */
		8499810E2B9C8FAA006828B4 /* Frameworks */ = {
			isa = PBXFrameworksBuildPhase;
			buildActionMask = 2147483647;
			files = (
				81391FDD2C4595CE001B7E14 /* Kingfisher in Frameworks */,
				814D30342C3C0A030091A3EC /* RealmSwift in Frameworks */,
				CE9E64552B9E0DF000A2134A /* OpenAPIURLSession in Frameworks */,
				81391FD32C455F58001B7E14 /* SVGKitSwift in Frameworks */,
				81391FD12C455F58001B7E14 /* SVGKit in Frameworks */,
				CE9E64522B9E080600A2134A /* OpenAPIRuntime in Frameworks */,
			);
			runOnlyForDeploymentPostprocessing = 0;
		};
/* End PBXFrameworksBuildPhase section */

/* Begin PBXGroup section */
		811C7C1C2C395A610071D9C4 /* MainScreen */ = {
			isa = PBXGroup;
			children = (
				811C7C1A2C395A610071D9C4 /* MainScreenView.swift */,
				811C7C1B2C395A610071D9C4 /* MainScreenViewModel.swift */,
			);
			path = MainScreen;
			sourceTree = "<group>";
		};
		811C7C212C395A610071D9C4 /* CarrierCard */ = {
			isa = PBXGroup;
			children = (
				811C7C1D2C395A610071D9C4 /* CarrierCardView.swift */,
				811C7C1E2C395A610071D9C4 /* CarrierCardViewModel.swift */,
				811C7C1F2C395A610071D9C4 /* CarrierContactTextView.swift */,
				811C7C202C395A610071D9C4 /* CarrierLogoView.swift */,
			);
			path = CarrierCard;
			sourceTree = "<group>";
		};
		811C7C292C395A610071D9C4 /* FromTo */ = {
			isa = PBXGroup;
			children = (
				811C7C222C395A610071D9C4 /* CitySelectionView.swift */,
				811C7C232C395A610071D9C4 /* CitySelectionViewModel.swift */,
				811C7C242C395A610071D9C4 /* FromToTexField.swift */,
				811C7C252C395A610071D9C4 /* FromToView.swift */,
				811C7C262C395A610071D9C4 /* SearchButtonView.swift */,
				811C7C272C395A610071D9C4 /* StationSelectionView.swift */,
				811C7C282C395A610071D9C4 /* StationSelectionViewModel.swift */,
			);
			path = FromTo;
			sourceTree = "<group>";
		};
		811C7C2D2C395A610071D9C4 /* Routes */ = {
			isa = PBXGroup;
			children = (
				811C7C2B2C395A610071D9C4 /* RoutesListView.swift */,
				811C7C2C2C395A610071D9C4 /* RoutesListViewModel.swift */,
				811C7C2A2C395A610071D9C4 /* RouteCardView.swift */,
			);
			path = Routes;
			sourceTree = "<group>";
		};
		811C7C302C395A610071D9C4 /* Toggles */ = {
			isa = PBXGroup;
			children = (
				811C7C2E2C395A610071D9C4 /* ToogleCheckBoxView.swift */,
				811C7C2F2C395A610071D9C4 /* ToogleCircleView.swift */,
			);
			path = Toggles;
			sourceTree = "<group>";
		};
		811C7C322C395A610071D9C4 /* SpecifyTime */ = {
			isa = PBXGroup;
			children = (
				811C7C302C395A610071D9C4 /* Toggles */,
				811C7C312C395A610071D9C4 /* SpecifyTimeView.swift */,
			);
			path = SpecifyTime;
			sourceTree = "<group>";
		};
		811C7C3A2C395A610071D9C4 /* Stories */ = {
			isa = PBXGroup;
			children = (
				811C7C382C395A610071D9C4 /* StoryView.swift */,
				811C7C362C395A610071D9C4 /* StoriesView.swift */,
				8146AF0B2C493BCA00C98163 /* StoryCardView.swift */,
				8146AF0E2C493BDB00C98163 /* StoriesSingleView.swift */,
				81FFD9CF2C39814A002CDA87 /* StoriesViewModel.swift */,
				811C7C352C395A610071D9C4 /* StoriesTabView.swift */,
				811C7C332C395A610071D9C4 /* ProgressBarView.swift */,
				811C7C342C395A610071D9C4 /* StoriesProgressBar.swift */,
				811C7C392C395A610071D9C4 /* TimerConfiguration.swift */,
			);
			path = Stories;
			sourceTree = "<group>";
		};
		811C7C3D2C395A610071D9C4 /* ScheduleView */ = {
			isa = PBXGroup;
			children = (
				811C7C3B2C395A610071D9C4 /* ScheduleView.swift */,
				811C7C212C395A610071D9C4 /* CarrierCard */,
				811C7C292C395A610071D9C4 /* FromTo */,
				811C7C2D2C395A610071D9C4 /* Routes */,
				811C7C322C395A610071D9C4 /* SpecifyTime */,
				811C7C3A2C395A610071D9C4 /* Stories */,
			);
			path = ScheduleView;
			sourceTree = "<group>";
		};
		811C7C412C395A610071D9C4 /* SettingsScreen */ = {
			isa = PBXGroup;
			children = (
				811C7C3F2C395A610071D9C4 /* SettingsScreenView.swift */,
				8142A0E62C4A45E9002169AE /* SettingsViewModel.swift */,
				811C7C402C395A610071D9C4 /* WebView.swift */,
				811C7C3E2C395A610071D9C4 /* NoNetworkView.swift */,
			);
			path = SettingsScreen;
			sourceTree = "<group>";
		};
		811C7C442C395A610071D9C4 /* SharedViews */ = {
			isa = PBXGroup;
			children = (
				811C7C422C395A610071D9C4 /* CustomTextView.swift */,
				811C7C432C395A610071D9C4 /* InfinityWidthButtonView.swift */,
				81391FD82C458CEC001B7E14 /* AsyncImageView.swift */,
			);
			path = SharedViews;
			sourceTree = "<group>";
		};
		811C7C452C395A610071D9C4 /* Screens */ = {
			isa = PBXGroup;
			children = (
				811C7C1C2C395A610071D9C4 /* MainScreen */,
				811C7C3D2C395A610071D9C4 /* ScheduleView */,
				811C7C412C395A610071D9C4 /* SettingsScreen */,
				811C7C442C395A610071D9C4 /* SharedViews */,
			);
			path = Screens;
			sourceTree = "<group>";
		};
		81A405D92BC476D4000D8EE4 /* Models */ = {
			isa = PBXGroup;
			children = (
				81A405DD2BC476EA000D8EE4 /* StoryModel.swift */,
				81B9540C2BCC1292005AF285 /* RouteModel.swift */,
				8169C5032C4C20A400E0A3DD /* RealmModels.swift */,
			);
			path = Models;
			sourceTree = "<group>";
		};
		81A4060A2BC67008000D8EE4 /* SwiftGen */ = {
			isa = PBXGroup;
			children = (
				81A406082BC67008000D8EE4 /* Assets.generated.swift */,
				81A4060D2BC67383000D8EE4 /* Localization.swift */,
				81A406092BC67008000D8EE4 /* template.stencil */,
			);
			path = SwiftGen;
			sourceTree = "<group>";
		};
		81B88DFE2C40787D00899C7C /* RealmStorage */ = {
			isa = PBXGroup;
			children = (
				81B88DFF2C40789600899C7C /* RealmStorageService.swift */,
			);
			path = RealmStorage;
			sourceTree = "<group>";
		};
		849981082B9C8FAA006828B4 = {
			isa = PBXGroup;
			children = (
				81A405CC2BC3270F000D8EE4 /* swiftgen.yml */,
				849981132B9C8FAA006828B4 /* TravelSchedule */,
				849981122B9C8FAA006828B4 /* Products */,
			);
			sourceTree = "<group>";
		};
		849981122B9C8FAA006828B4 /* Products */ = {
			isa = PBXGroup;
			children = (
				849981112B9C8FAA006828B4 /* TravelSchedule.app */,
			);
			name = Products;
			sourceTree = "<group>";
		};
		849981132B9C8FAA006828B4 /* TravelSchedule */ = {
			isa = PBXGroup;
			children = (
				8499811F2B9C8FB2006828B4 /* LaunchScreen.storyboard */,
				81A405C62BC32134000D8EE4 /* NavigationApp.swift */,
				811C7C452C395A610071D9C4 /* Screens */,
				81A405D92BC476D4000D8EE4 /* Models */,
				CE9E645F2B9E0FD000A2134A /* Services */,
				CECCF5B12B9F3F1400D9067C /* Helpers */,
				8499812E2B9C93C1006828B4 /* Extensions */,
				81A4060A2BC67008000D8EE4 /* SwiftGen */,
				CE9E645A2B9E0ED900A2134A /* Resources */,
				849981222B9C8FB2006828B4 /* Info.plist */,
			);
			path = TravelSchedule;
			sourceTree = "<group>";
		};
		8499812E2B9C93C1006828B4 /* Extensions */ = {
			isa = PBXGroup;
			children = (
				CE9E646E2B9E1FE100A2134A /* String+Extensions.swift */,
				81A405ED2BC66B63000D8EE4 /* View+Extensions.swift */,
				81B88E032C41C23100899C7C /* Enum+Extension.swift */,
			);
			path = Extensions;
			sourceTree = "<group>";
		};
		CE9E645A2B9E0ED900A2134A /* Resources */ = {
			isa = PBXGroup;
			children = (
				CE9E64582B9E0ECB00A2134A /* openapi.yaml */,
				CE9E645D2B9E0F7B00A2134A /* openapi-generator-config.yaml */,
				8499811D2B9C8FB2006828B4 /* Assets.xcassets */,
				81A405CE2BC327C3000D8EE4 /* Colors.xcassets */,
				81A406042BC66EB6000D8EE4 /* Localizable.strings */,
				81391FCB2C454C3C001B7E14 /* Localizable.stringsdict */,
			);
			path = Resources;
			sourceTree = "<group>";
		};
		CE9E645F2B9E0FD000A2134A /* Services */ = {
			isa = PBXGroup;
			children = (
				81B88DFE2C40787D00899C7C /* RealmStorage */,
				CEFBA2FE2B9E544D00269012 /* NetworkConstants.swift */,
				CECCF5AA2B9F1AB100D9067C /* ServiceFactory */,
			);
			path = Services;
			sourceTree = "<group>";
		};
		CECCF5AA2B9F1AB100D9067C /* ServiceFactory */ = {
			isa = PBXGroup;
			children = (
				81FFD9CB2C39806B002CDA87 /* NetworkService.swift */,
				CECCF5A52B9EF95400D9067C /* ServiceFactory.swift */,
				CE9E64602B9E0FE100A2134A /* NearestStationsService.swift */,
				CE9E647D2B9E372F00A2134A /* PointToPointService.swift */,
				CEFBA3012B9EE90C00269012 /* ScheduleOnStationService.swift */,
				CECCF5A72B9F113400D9067C /* ThreadInformationService.swift */,
				CECCF5B52B9FA65300D9067C /* NearestSettlement.swift */,
				CECCF5B82BA033B700D9067C /* CarriersInformationService.swift */,
				CECCF5BC2BA0424400D9067C /* StationsList.swift */,
			);
			path = ServiceFactory;
			sourceTree = "<group>";
		};
		CECCF5B12B9F3F1400D9067C /* Helpers */ = {
			isa = PBXGroup;
			children = (
				81391FD52C45602A001B7E14 /* SVGAsyncImage.swift */,
				8142A0E92C4B8BAB002169AE /* SVGAsyncImageViewModel.swift */,
				8142A0EC2C4BA51B002169AE /* DateManager.swift */,
				8142A0EF2C4BACCE002169AE /* BindingType.swift */,
			);
			path = Helpers;
			sourceTree = "<group>";
		};
/* End PBXGroup section */

/* Begin PBXNativeTarget section */
		849981102B9C8FAA006828B4 /* TravelSchedule */ = {
			isa = PBXNativeTarget;
			buildConfigurationList = 849981252B9C8FB2006828B4 /* Build configuration list for PBXNativeTarget "TravelSchedule" */;
			buildPhases = (
				8499810D2B9C8FAA006828B4 /* Sources */,
				8499810E2B9C8FAA006828B4 /* Frameworks */,
				8499810F2B9C8FAA006828B4 /* Resources */,
			);
			buildRules = (
			);
			dependencies = (
				CE9E64572B9E0E7300A2134A /* PBXTargetDependency */,
			);
			name = TravelSchedule;
			packageProductDependencies = (
				CE9E64512B9E080600A2134A /* OpenAPIRuntime */,
				CE9E64542B9E0DF000A2134A /* OpenAPIURLSession */,
				814D30332C3C0A030091A3EC /* RealmSwift */,
				81391FD02C455F58001B7E14 /* SVGKit */,
				81391FD22C455F58001B7E14 /* SVGKitSwift */,
				81391FDC2C4595CE001B7E14 /* Kingfisher */,
			);
			productName = TravelSchedule;
			productReference = 849981112B9C8FAA006828B4 /* TravelSchedule.app */;
			productType = "com.apple.product-type.application";
		};
/* End PBXNativeTarget section */

/* Begin PBXProject section */
		849981092B9C8FAA006828B4 /* Project object */ = {
			isa = PBXProject;
			attributes = {
				BuildIndependentTargetsInParallel = 1;
				LastSwiftUpdateCheck = 1420;
				LastUpgradeCheck = 1420;
				TargetAttributes = {
					849981102B9C8FAA006828B4 = {
						CreatedOnToolsVersion = 14.2;
					};
				};
			};
			buildConfigurationList = 8499810C2B9C8FAA006828B4 /* Build configuration list for PBXProject "TravelSchedule" */;
			compatibilityVersion = "Xcode 14.0";
			developmentRegion = en;
			hasScannedForEncodings = 0;
			knownRegions = (
				en,
				Base,
				ru,
			);
			mainGroup = 849981082B9C8FAA006828B4;
			packageReferences = (
				CE9E644B2B9E080600A2134A /* XCRemoteSwiftPackageReference "swift-openapi-generator" */,
				CE9E64502B9E080600A2134A /* XCRemoteSwiftPackageReference "swift-openapi-runtime" */,
				CE9E64532B9E0DF000A2134A /* XCRemoteSwiftPackageReference "swift-openapi-urlsession" */,
				814D30322C3C0A030091A3EC /* XCRemoteSwiftPackageReference "realm-swift" */,
				81391FCF2C455F58001B7E14 /* XCRemoteSwiftPackageReference "SVGKit" */,
				81391FDB2C4595CE001B7E14 /* XCRemoteSwiftPackageReference "Kingfisher" */,
			);
			productRefGroup = 849981122B9C8FAA006828B4 /* Products */;
			projectDirPath = "";
			projectRoot = "";
			targets = (
				849981102B9C8FAA006828B4 /* TravelSchedule */,
			);
		};
/* End PBXProject section */

/* Begin PBXResourcesBuildPhase section */
		8499810F2B9C8FAA006828B4 /* Resources */ = {
			isa = PBXResourcesBuildPhase;
			buildActionMask = 2147483647;
			files = (
				849981212B9C8FB2006828B4 /* LaunchScreen.storyboard in Resources */,
				81A405CD2BC3270F000D8EE4 /* swiftgen.yml in Resources */,
				81391FCD2C454C3C001B7E14 /* Localizable.stringsdict in Resources */,
				CE9E645E2B9E0F7C00A2134A /* openapi-generator-config.yaml in Resources */,
				81A406062BC66EB6000D8EE4 /* Localizable.strings in Resources */,
				81A4060C2BC67008000D8EE4 /* template.stencil in Resources */,
				81A405CF2BC327C3000D8EE4 /* Colors.xcassets in Resources */,
				8499811E2B9C8FB2006828B4 /* Assets.xcassets in Resources */,
				CE9E64592B9E0ECB00A2134A /* openapi.yaml in Resources */,
			);
			runOnlyForDeploymentPostprocessing = 0;
		};
/* End PBXResourcesBuildPhase section */

/* Begin PBXSourcesBuildPhase section */
		8499810D2B9C8FAA006828B4 /* Sources */ = {
			isa = PBXSourcesBuildPhase;
			buildActionMask = 2147483647;
			files = (
				81FFD9CC2C39806B002CDA87 /* NetworkService.swift in Sources */,
				811C7C472C395A610071D9C4 /* MainScreenViewModel.swift in Sources */,
				CE9E646F2B9E1FE100A2134A /* String+Extensions.swift in Sources */,
				81A405C72BC32134000D8EE4 /* NavigationApp.swift in Sources */,
				811C7C622C395A610071D9C4 /* NoNetworkView.swift in Sources */,
				8142A0E72C4A45E9002169AE /* SettingsViewModel.swift in Sources */,
				811C7C502C395A610071D9C4 /* SearchButtonView.swift in Sources */,
				CECCF5B92BA033B700D9067C /* CarriersInformationService.swift in Sources */,
				811C7C5E2C395A610071D9C4 /* StoryView.swift in Sources */,
				811C7C552C395A610071D9C4 /* RoutesListViewModel.swift in Sources */,
				811C7C662C395A610071D9C4 /* InfinityWidthButtonView.swift in Sources */,
				81B88E042C41C23100899C7C /* Enum+Extension.swift in Sources */,
				CECCF5A82B9F113400D9067C /* ThreadInformationService.swift in Sources */,
				811C7C462C395A610071D9C4 /* MainScreenView.swift in Sources */,
				811C7C542C395A610071D9C4 /* RoutesListView.swift in Sources */,
				811C7C482C395A610071D9C4 /* CarrierCardView.swift in Sources */,
				811C7C4C2C395A610071D9C4 /* CitySelectionView.swift in Sources */,
				811C7C652C395A610071D9C4 /* CustomTextView.swift in Sources */,
				CECCF5A62B9EF95400D9067C /* ServiceFactory.swift in Sources */,
				81A405DE2BC476EA000D8EE4 /* StoryModel.swift in Sources */,
				811C7C572C395A610071D9C4 /* ToogleCircleView.swift in Sources */,
				8146AF0C2C493BCA00C98163 /* StoryCardView.swift in Sources */,
				81391FD92C458CEC001B7E14 /* AsyncImageView.swift in Sources */,
				81A4060E2BC67383000D8EE4 /* Localization.swift in Sources */,
				81FFD9D02C39814A002CDA87 /* StoriesViewModel.swift in Sources */,
				811C7C532C395A610071D9C4 /* RouteCardView.swift in Sources */,
				811C7C5F2C395A610071D9C4 /* TimerConfiguration.swift in Sources */,
				8142A0EA2C4B8BAB002169AE /* SVGAsyncImageViewModel.swift in Sources */,
				811C7C582C395A610071D9C4 /* SpecifyTimeView.swift in Sources */,
				811C7C4F2C395A610071D9C4 /* FromToView.swift in Sources */,
				CECCF5BD2BA0424400D9067C /* StationsList.swift in Sources */,
				8146AF0F2C493BDB00C98163 /* StoriesSingleView.swift in Sources */,
				811C7C492C395A610071D9C4 /* CarrierCardViewModel.swift in Sources */,
				811C7C562C395A610071D9C4 /* ToogleCheckBoxView.swift in Sources */,
				811C7C4B2C395A610071D9C4 /* CarrierLogoView.swift in Sources */,
				CECCF5B62B9FA65300D9067C /* NearestSettlement.swift in Sources */,
				811C7C512C395A610071D9C4 /* StationSelectionView.swift in Sources */,
				81A405EE2BC66B63000D8EE4 /* View+Extensions.swift in Sources */,
				811C7C4A2C395A610071D9C4 /* CarrierContactTextView.swift in Sources */,
				CE9E64612B9E0FE100A2134A /* NearestStationsService.swift in Sources */,
				8142A0F02C4BACCE002169AE /* BindingType.swift in Sources */,
				811C7C602C395A610071D9C4 /* ScheduleView.swift in Sources */,
				811C7C5C2C395A610071D9C4 /* StoriesView.swift in Sources */,
				CEFBA2FF2B9E544D00269012 /* NetworkConstants.swift in Sources */,
				CE9E647E2B9E372F00A2134A /* PointToPointService.swift in Sources */,
				81391FD62C45602A001B7E14 /* SVGAsyncImage.swift in Sources */,
				811C7C4D2C395A610071D9C4 /* CitySelectionViewModel.swift in Sources */,
				8169C5042C4C20A400E0A3DD /* RealmModels.swift in Sources */,
				811C7C5B2C395A610071D9C4 /* StoriesTabView.swift in Sources */,
				81A4060B2BC67008000D8EE4 /* Assets.generated.swift in Sources */,
				811C7C4E2C395A610071D9C4 /* FromToTexField.swift in Sources */,
				81B9540D2BCC1292005AF285 /* RouteModel.swift in Sources */,
				811C7C5A2C395A610071D9C4 /* StoriesProgressBar.swift in Sources */,
				811C7C632C395A610071D9C4 /* SettingsScreenView.swift in Sources */,
				8142A0ED2C4BA51B002169AE /* DateManager.swift in Sources */,
				81B88E002C40789600899C7C /* RealmStorageService.swift in Sources */,
				811C7C592C395A610071D9C4 /* ProgressBarView.swift in Sources */,
				811C7C642C395A610071D9C4 /* WebView.swift in Sources */,
				811C7C522C395A610071D9C4 /* StationSelectionViewModel.swift in Sources */,
				CEFBA3022B9EE90C00269012 /* ScheduleOnStationService.swift in Sources */,
			);
			runOnlyForDeploymentPostprocessing = 0;
		};
/* End PBXSourcesBuildPhase section */

/* Begin PBXTargetDependency section */
		CE9E64572B9E0E7300A2134A /* PBXTargetDependency */ = {
			isa = PBXTargetDependency;
			productRef = CE9E64562B9E0E7300A2134A /* OpenAPIGenerator */;
		};
/* End PBXTargetDependency section */

/* Begin PBXVariantGroup section */
		81391FCB2C454C3C001B7E14 /* Localizable.stringsdict */ = {
			isa = PBXVariantGroup;
			children = (
				81391FCC2C454C3C001B7E14 /* en */,
				81391FE22C45C995001B7E14 /* ru */,
			);
			name = Localizable.stringsdict;
			sourceTree = "<group>";
		};
		81A406042BC66EB6000D8EE4 /* Localizable.strings */ = {
			isa = PBXVariantGroup;
			children = (
				81A406052BC66EB6000D8EE4 /* en */,
				81391FE12C45C995001B7E14 /* ru */,
			);
			name = Localizable.strings;
			sourceTree = "<group>";
		};
		8499811F2B9C8FB2006828B4 /* LaunchScreen.storyboard */ = {
			isa = PBXVariantGroup;
			children = (
				849981202B9C8FB2006828B4 /* Base */,
				81391FE02C45C994001B7E14 /* ru */,
			);
			name = LaunchScreen.storyboard;
			sourceTree = "<group>";
		};
/* End PBXVariantGroup section */

/* Begin XCBuildConfiguration section */
		849981232B9C8FB2006828B4 /* Debug */ = {
			isa = XCBuildConfiguration;
			buildSettings = {
				ALWAYS_SEARCH_USER_PATHS = NO;
				CLANG_ANALYZER_LOCALIZABILITY_NONLOCALIZED = YES;
				CLANG_ANALYZER_NONNULL = YES;
				CLANG_ANALYZER_NUMBER_OBJECT_CONVERSION = YES_AGGRESSIVE;
				CLANG_CXX_LANGUAGE_STANDARD = "gnu++20";
				CLANG_ENABLE_MODULES = YES;
				CLANG_ENABLE_OBJC_ARC = YES;
				CLANG_ENABLE_OBJC_WEAK = YES;
				CLANG_WARN_BLOCK_CAPTURE_AUTORELEASING = YES;
				CLANG_WARN_BOOL_CONVERSION = YES;
				CLANG_WARN_COMMA = YES;
				CLANG_WARN_CONSTANT_CONVERSION = YES;
				CLANG_WARN_DEPRECATED_OBJC_IMPLEMENTATIONS = YES;
				CLANG_WARN_DIRECT_OBJC_ISA_USAGE = YES_ERROR;
				CLANG_WARN_DOCUMENTATION_COMMENTS = YES;
				CLANG_WARN_EMPTY_BODY = YES;
				CLANG_WARN_ENUM_CONVERSION = YES;
				CLANG_WARN_INFINITE_RECURSION = YES;
				CLANG_WARN_INT_CONVERSION = YES;
				CLANG_WARN_NON_LITERAL_NULL_CONVERSION = YES;
				CLANG_WARN_OBJC_IMPLICIT_RETAIN_SELF = YES;
				CLANG_WARN_OBJC_LITERAL_CONVERSION = YES;
				CLANG_WARN_OBJC_ROOT_CLASS = YES_ERROR;
				CLANG_WARN_QUOTED_INCLUDE_IN_FRAMEWORK_HEADER = YES;
				CLANG_WARN_RANGE_LOOP_ANALYSIS = YES;
				CLANG_WARN_STRICT_PROTOTYPES = YES;
				CLANG_WARN_SUSPICIOUS_MOVE = YES;
				CLANG_WARN_UNGUARDED_AVAILABILITY = YES_AGGRESSIVE;
				CLANG_WARN_UNREACHABLE_CODE = YES;
				CLANG_WARN__DUPLICATE_METHOD_MATCH = YES;
				COPY_PHASE_STRIP = NO;
				DEBUG_INFORMATION_FORMAT = dwarf;
				ENABLE_STRICT_OBJC_MSGSEND = YES;
				ENABLE_TESTABILITY = YES;
				GCC_C_LANGUAGE_STANDARD = gnu11;
				GCC_DYNAMIC_NO_PIC = NO;
				GCC_NO_COMMON_BLOCKS = YES;
				GCC_OPTIMIZATION_LEVEL = 0;
				GCC_PREPROCESSOR_DEFINITIONS = (
					"DEBUG=1",
					"$(inherited)",
				);
				GCC_WARN_64_TO_32_BIT_CONVERSION = YES;
				GCC_WARN_ABOUT_RETURN_TYPE = YES_ERROR;
				GCC_WARN_UNDECLARED_SELECTOR = YES;
				GCC_WARN_UNINITIALIZED_AUTOS = YES_AGGRESSIVE;
				GCC_WARN_UNUSED_FUNCTION = YES;
				GCC_WARN_UNUSED_VARIABLE = YES;
				IPHONEOS_DEPLOYMENT_TARGET = 16.0;
				MTL_ENABLE_DEBUG_INFO = INCLUDE_SOURCE;
				MTL_FAST_MATH = YES;
				ONLY_ACTIVE_ARCH = YES;
				SDKROOT = iphoneos;
				SWIFT_ACTIVE_COMPILATION_CONDITIONS = DEBUG;
				SWIFT_OPTIMIZATION_LEVEL = "-Onone";
				SWIFT_STRICT_CONCURRENCY = complete;
			};
			name = Debug;
		};
		849981242B9C8FB2006828B4 /* Release */ = {
			isa = XCBuildConfiguration;
			buildSettings = {
				ALWAYS_SEARCH_USER_PATHS = NO;
				CLANG_ANALYZER_LOCALIZABILITY_NONLOCALIZED = YES;
				CLANG_ANALYZER_NONNULL = YES;
				CLANG_ANALYZER_NUMBER_OBJECT_CONVERSION = YES_AGGRESSIVE;
				CLANG_CXX_LANGUAGE_STANDARD = "gnu++20";
				CLANG_ENABLE_MODULES = YES;
				CLANG_ENABLE_OBJC_ARC = YES;
				CLANG_ENABLE_OBJC_WEAK = YES;
				CLANG_WARN_BLOCK_CAPTURE_AUTORELEASING = YES;
				CLANG_WARN_BOOL_CONVERSION = YES;
				CLANG_WARN_COMMA = YES;
				CLANG_WARN_CONSTANT_CONVERSION = YES;
				CLANG_WARN_DEPRECATED_OBJC_IMPLEMENTATIONS = YES;
				CLANG_WARN_DIRECT_OBJC_ISA_USAGE = YES_ERROR;
				CLANG_WARN_DOCUMENTATION_COMMENTS = YES;
				CLANG_WARN_EMPTY_BODY = YES;
				CLANG_WARN_ENUM_CONVERSION = YES;
				CLANG_WARN_INFINITE_RECURSION = YES;
				CLANG_WARN_INT_CONVERSION = YES;
				CLANG_WARN_NON_LITERAL_NULL_CONVERSION = YES;
				CLANG_WARN_OBJC_IMPLICIT_RETAIN_SELF = YES;
				CLANG_WARN_OBJC_LITERAL_CONVERSION = YES;
				CLANG_WARN_OBJC_ROOT_CLASS = YES_ERROR;
				CLANG_WARN_QUOTED_INCLUDE_IN_FRAMEWORK_HEADER = YES;
				CLANG_WARN_RANGE_LOOP_ANALYSIS = YES;
				CLANG_WARN_STRICT_PROTOTYPES = YES;
				CLANG_WARN_SUSPICIOUS_MOVE = YES;
				CLANG_WARN_UNGUARDED_AVAILABILITY = YES_AGGRESSIVE;
				CLANG_WARN_UNREACHABLE_CODE = YES;
				CLANG_WARN__DUPLICATE_METHOD_MATCH = YES;
				COPY_PHASE_STRIP = NO;
				DEBUG_INFORMATION_FORMAT = "dwarf-with-dsym";
				ENABLE_NS_ASSERTIONS = NO;
				ENABLE_STRICT_OBJC_MSGSEND = YES;
				GCC_C_LANGUAGE_STANDARD = gnu11;
				GCC_NO_COMMON_BLOCKS = YES;
				GCC_WARN_64_TO_32_BIT_CONVERSION = YES;
				GCC_WARN_ABOUT_RETURN_TYPE = YES_ERROR;
				GCC_WARN_UNDECLARED_SELECTOR = YES;
				GCC_WARN_UNINITIALIZED_AUTOS = YES_AGGRESSIVE;
				GCC_WARN_UNUSED_FUNCTION = YES;
				GCC_WARN_UNUSED_VARIABLE = YES;
				IPHONEOS_DEPLOYMENT_TARGET = 16.0;
				MTL_ENABLE_DEBUG_INFO = NO;
				MTL_FAST_MATH = YES;
				SDKROOT = iphoneos;
				SWIFT_COMPILATION_MODE = wholemodule;
				SWIFT_OPTIMIZATION_LEVEL = "-O";
				SWIFT_STRICT_CONCURRENCY = complete;
				VALIDATE_PRODUCT = YES;
			};
			name = Release;
		};
		849981262B9C8FB2006828B4 /* Debug */ = {
			isa = XCBuildConfiguration;
			buildSettings = {
				ASSETCATALOG_COMPILER_APPICON_NAME = AppIcon;
				ASSETCATALOG_COMPILER_GLOBAL_ACCENT_COLOR_NAME = AccentColor;
				CODE_SIGN_STYLE = Automatic;
				CURRENT_PROJECT_VERSION = 1;
				DEVELOPMENT_TEAM = Q9BL3YJ6S3;
				GENERATE_INFOPLIST_FILE = YES;
				INFOPLIST_FILE = TravelSchedule/Info.plist;
				INFOPLIST_KEY_UIApplicationSupportsIndirectInputEvents = YES;
				INFOPLIST_KEY_UILaunchStoryboardName = LaunchScreen;
				INFOPLIST_KEY_UIMainStoryboardFile = "";
				INFOPLIST_KEY_UIStatusBarStyle = UIStatusBarStyleLightContent;
				INFOPLIST_KEY_UISupportedInterfaceOrientations_iPad = "UIInterfaceOrientationPortrait UIInterfaceOrientationPortraitUpsideDown UIInterfaceOrientationLandscapeLeft UIInterfaceOrientationLandscapeRight";
				INFOPLIST_KEY_UISupportedInterfaceOrientations_iPhone = "UIInterfaceOrientationPortrait UIInterfaceOrientationLandscapeLeft UIInterfaceOrientationLandscapeRight";
				IPHONEOS_DEPLOYMENT_TARGET = 16.0;
				LD_RUNPATH_SEARCH_PATHS = (
					"$(inherited)",
					"@executable_path/Frameworks",
				);
				MARKETING_VERSION = 1.0;
				PRODUCT_BUNDLE_IDENTIFIER = ru.yandex.practicum.ognerub.TravelSchedule;
				PRODUCT_NAME = "$(TARGET_NAME)";
				SUPPORTED_PLATFORMS = "iphoneos iphonesimulator";
				SUPPORTS_MACCATALYST = NO;
				SUPPORTS_MAC_DESIGNED_FOR_IPHONE_IPAD = NO;
				SWIFT_EMIT_LOC_STRINGS = YES;
				SWIFT_VERSION = 5.0;
				TARGETED_DEVICE_FAMILY = 1;
			};
			name = Debug;
		};
		849981272B9C8FB2006828B4 /* Release */ = {
			isa = XCBuildConfiguration;
			buildSettings = {
				ASSETCATALOG_COMPILER_APPICON_NAME = AppIcon;
				ASSETCATALOG_COMPILER_GLOBAL_ACCENT_COLOR_NAME = AccentColor;
				CODE_SIGN_STYLE = Automatic;
				CURRENT_PROJECT_VERSION = 1;
				DEVELOPMENT_TEAM = Q9BL3YJ6S3;
				GENERATE_INFOPLIST_FILE = YES;
				INFOPLIST_FILE = TravelSchedule/Info.plist;
				INFOPLIST_KEY_UIApplicationSupportsIndirectInputEvents = YES;
				INFOPLIST_KEY_UILaunchStoryboardName = LaunchScreen;
				INFOPLIST_KEY_UIMainStoryboardFile = "";
				INFOPLIST_KEY_UIStatusBarStyle = UIStatusBarStyleLightContent;
				INFOPLIST_KEY_UISupportedInterfaceOrientations_iPad = "UIInterfaceOrientationPortrait UIInterfaceOrientationPortraitUpsideDown UIInterfaceOrientationLandscapeLeft UIInterfaceOrientationLandscapeRight";
				INFOPLIST_KEY_UISupportedInterfaceOrientations_iPhone = "UIInterfaceOrientationPortrait UIInterfaceOrientationLandscapeLeft UIInterfaceOrientationLandscapeRight";
				IPHONEOS_DEPLOYMENT_TARGET = 16.0;
				LD_RUNPATH_SEARCH_PATHS = (
					"$(inherited)",
					"@executable_path/Frameworks",
				);
				MARKETING_VERSION = 1.0;
				PRODUCT_BUNDLE_IDENTIFIER = ru.yandex.practicum.ognerub.TravelSchedule;
				PRODUCT_NAME = "$(TARGET_NAME)";
				SUPPORTED_PLATFORMS = "iphoneos iphonesimulator";
				SUPPORTS_MACCATALYST = NO;
				SUPPORTS_MAC_DESIGNED_FOR_IPHONE_IPAD = NO;
				SWIFT_EMIT_LOC_STRINGS = YES;
				SWIFT_VERSION = 5.0;
				TARGETED_DEVICE_FAMILY = 1;
			};
			name = Release;
		};
/* End XCBuildConfiguration section */

/* Begin XCConfigurationList section */
		8499810C2B9C8FAA006828B4 /* Build configuration list for PBXProject "TravelSchedule" */ = {
			isa = XCConfigurationList;
			buildConfigurations = (
				849981232B9C8FB2006828B4 /* Debug */,
				849981242B9C8FB2006828B4 /* Release */,
			);
			defaultConfigurationIsVisible = 0;
			defaultConfigurationName = Release;
		};
		849981252B9C8FB2006828B4 /* Build configuration list for PBXNativeTarget "TravelSchedule" */ = {
			isa = XCConfigurationList;
			buildConfigurations = (
				849981262B9C8FB2006828B4 /* Debug */,
				849981272B9C8FB2006828B4 /* Release */,
			);
			defaultConfigurationIsVisible = 0;
			defaultConfigurationName = Release;
		};
/* End XCConfigurationList section */

/* Begin XCRemoteSwiftPackageReference section */
		81391FCF2C455F58001B7E14 /* XCRemoteSwiftPackageReference "SVGKit" */ = {
			isa = XCRemoteSwiftPackageReference;
			repositoryURL = "https://github.com/SVGKit/SVGKit";
			requirement = {
				kind = upToNextMajorVersion;
				minimumVersion = 3.0.0;
			};
		};
		81391FDB2C4595CE001B7E14 /* XCRemoteSwiftPackageReference "Kingfisher" */ = {
			isa = XCRemoteSwiftPackageReference;
			repositoryURL = "https://github.com/onevcat/Kingfisher.git";
			requirement = {
				kind = upToNextMajorVersion;
				minimumVersion = 7.12.0;
			};
		};
		814D30322C3C0A030091A3EC /* XCRemoteSwiftPackageReference "realm-swift" */ = {
			isa = XCRemoteSwiftPackageReference;
			repositoryURL = "https://github.com/realm/realm-swift.git";
			requirement = {
				branch = master;
				kind = branch;
			};
		};
		CE9E644B2B9E080600A2134A /* XCRemoteSwiftPackageReference "swift-openapi-generator" */ = {
			isa = XCRemoteSwiftPackageReference;
			repositoryURL = "https://github.com/apple/swift-openapi-generator";
			requirement = {
				kind = upToNextMajorVersion;
				minimumVersion = 1.2.1;
			};
		};
		CE9E64502B9E080600A2134A /* XCRemoteSwiftPackageReference "swift-openapi-runtime" */ = {
			isa = XCRemoteSwiftPackageReference;
			repositoryURL = "https://github.com/apple/swift-openapi-runtime";
			requirement = {
				kind = upToNextMajorVersion;
				minimumVersion = 1.3.2;
			};
		};
		CE9E64532B9E0DF000A2134A /* XCRemoteSwiftPackageReference "swift-openapi-urlsession" */ = {
			isa = XCRemoteSwiftPackageReference;
			repositoryURL = "https://github.com/apple/swift-openapi-urlsession";
			requirement = {
				kind = upToNextMajorVersion;
				minimumVersion = 1.0.1;
			};
		};
/* End XCRemoteSwiftPackageReference section */

/* Begin XCSwiftPackageProductDependency section */
		81391FD02C455F58001B7E14 /* SVGKit */ = {
			isa = XCSwiftPackageProductDependency;
			package = 81391FCF2C455F58001B7E14 /* XCRemoteSwiftPackageReference "SVGKit" */;
			productName = SVGKit;
		};
		81391FD22C455F58001B7E14 /* SVGKitSwift */ = {
			isa = XCSwiftPackageProductDependency;
			package = 81391FCF2C455F58001B7E14 /* XCRemoteSwiftPackageReference "SVGKit" */;
			productName = SVGKitSwift;
		};
		81391FDC2C4595CE001B7E14 /* Kingfisher */ = {
			isa = XCSwiftPackageProductDependency;
			package = 81391FDB2C4595CE001B7E14 /* XCRemoteSwiftPackageReference "Kingfisher" */;
			productName = Kingfisher;
		};
		814D30332C3C0A030091A3EC /* RealmSwift */ = {
			isa = XCSwiftPackageProductDependency;
			package = 814D30322C3C0A030091A3EC /* XCRemoteSwiftPackageReference "realm-swift" */;
			productName = RealmSwift;
		};
		CE9E64512B9E080600A2134A /* OpenAPIRuntime */ = {
			isa = XCSwiftPackageProductDependency;
			package = CE9E64502B9E080600A2134A /* XCRemoteSwiftPackageReference "swift-openapi-runtime" */;
			productName = OpenAPIRuntime;
		};
		CE9E64542B9E0DF000A2134A /* OpenAPIURLSession */ = {
			isa = XCSwiftPackageProductDependency;
			package = CE9E64532B9E0DF000A2134A /* XCRemoteSwiftPackageReference "swift-openapi-urlsession" */;
			productName = OpenAPIURLSession;
		};
		CE9E64562B9E0E7300A2134A /* OpenAPIGenerator */ = {
			isa = XCSwiftPackageProductDependency;
			package = CE9E644B2B9E080600A2134A /* XCRemoteSwiftPackageReference "swift-openapi-generator" */;
			productName = "plugin:OpenAPIGenerator";
		};
/* End XCSwiftPackageProductDependency section */
	};
	rootObject = 849981092B9C8FAA006828B4 /* Project object */;
}
