// !$*UTF8*$!
{
	archiveVersion = 1;
	classes = {
	};
	objectVersion = 56;
	objects = {

/* Begin PBXBuildFile section */
		849981152B9C8FAA006828B4 /* AppDelegate.swift in Sources */ = {isa = PBXBuildFile; fileRef = 849981142B9C8FAA006828B4 /* AppDelegate.swift */; };
		849981172B9C8FAA006828B4 /* SceneDelegate.swift in Sources */ = {isa = PBXBuildFile; fileRef = 849981162B9C8FAA006828B4 /* SceneDelegate.swift */; };
		849981192B9C8FAA006828B4 /* SheduleViewController.swift in Sources */ = {isa = PBXBuildFile; fileRef = 849981182B9C8FAA006828B4 /* SheduleViewController.swift */; };
		8499811E2B9C8FB2006828B4 /* Assets.xcassets in Resources */ = {isa = PBXBuildFile; fileRef = 8499811D2B9C8FB2006828B4 /* Assets.xcassets */; };
		849981212B9C8FB2006828B4 /* LaunchScreen.storyboard in Resources */ = {isa = PBXBuildFile; fileRef = 8499811F2B9C8FB2006828B4 /* LaunchScreen.storyboard */; };
		849981292B9C9184006828B4 /* TabBarController.swift in Sources */ = {isa = PBXBuildFile; fileRef = 849981282B9C9184006828B4 /* TabBarController.swift */; };
		8499812B2B9C93AC006828B4 /* UIImage+Extensions.swift in Sources */ = {isa = PBXBuildFile; fileRef = 8499812A2B9C93AC006828B4 /* UIImage+Extensions.swift */; };
		8499812D2B9C93BD006828B4 /* UIColor+Extensions.swift in Sources */ = {isa = PBXBuildFile; fileRef = 8499812C2B9C93BD006828B4 /* UIColor+Extensions.swift */; };
		849981302B9C95B2006828B4 /* SettingsViewController.swift in Sources */ = {isa = PBXBuildFile; fileRef = 8499812F2B9C95B2006828B4 /* SettingsViewController.swift */; };
		CE9E64522B9E080600A2134A /* OpenAPIRuntime in Frameworks */ = {isa = PBXBuildFile; productRef = CE9E64512B9E080600A2134A /* OpenAPIRuntime */; };
		CE9E64552B9E0DF000A2134A /* OpenAPIURLSession in Frameworks */ = {isa = PBXBuildFile; productRef = CE9E64542B9E0DF000A2134A /* OpenAPIURLSession */; };
		CE9E64592B9E0ECB00A2134A /* openapi.yaml in Resources */ = {isa = PBXBuildFile; fileRef = CE9E64582B9E0ECB00A2134A /* openapi.yaml */; };
		CE9E645E2B9E0F7C00A2134A /* openapi-generator-config.yaml in Resources */ = {isa = PBXBuildFile; fileRef = CE9E645D2B9E0F7B00A2134A /* openapi-generator-config.yaml */; };
		CE9E64612B9E0FE100A2134A /* NearestStationsService.swift in Sources */ = {isa = PBXBuildFile; fileRef = CE9E64602B9E0FE100A2134A /* NearestStationsService.swift */; };
		CE9E64632B9E198300A2134A /* NearestStationsResponse.swift in Sources */ = {isa = PBXBuildFile; fileRef = CE9E64622B9E198300A2134A /* NearestStationsResponse.swift */; };
		CE9E646F2B9E1FE100A2134A /* String+Extensions.swift in Sources */ = {isa = PBXBuildFile; fileRef = CE9E646E2B9E1FE100A2134A /* String+Extensions.swift */; };
		CE9E64782B9E34C400A2134A /* PointToPointResponse.swift in Sources */ = {isa = PBXBuildFile; fileRef = CE9E64772B9E34C400A2134A /* PointToPointResponse.swift */; };
		CE9E647A2B9E366D00A2134A /* Pagination.swift in Sources */ = {isa = PBXBuildFile; fileRef = CE9E64792B9E366D00A2134A /* Pagination.swift */; };
		CE9E647C2B9E36B100A2134A /* JsonNull.swift in Sources */ = {isa = PBXBuildFile; fileRef = CE9E647B2B9E36B100A2134A /* JsonNull.swift */; };
		CE9E647E2B9E372F00A2134A /* PointToPointService.swift in Sources */ = {isa = PBXBuildFile; fileRef = CE9E647D2B9E372F00A2134A /* PointToPointService.swift */; };
		CEFBA2FF2B9E544D00269012 /* NetworkConstants.swift in Sources */ = {isa = PBXBuildFile; fileRef = CEFBA2FE2B9E544D00269012 /* NetworkConstants.swift */; };
/* End PBXBuildFile section */

/* Begin PBXFileReference section */
		849981112B9C8FAA006828B4 /* TravelSchedule.app */ = {isa = PBXFileReference; explicitFileType = wrapper.application; includeInIndex = 0; path = TravelSchedule.app; sourceTree = BUILT_PRODUCTS_DIR; };
		849981142B9C8FAA006828B4 /* AppDelegate.swift */ = {isa = PBXFileReference; lastKnownFileType = sourcecode.swift; path = AppDelegate.swift; sourceTree = "<group>"; };
		849981162B9C8FAA006828B4 /* SceneDelegate.swift */ = {isa = PBXFileReference; lastKnownFileType = sourcecode.swift; path = SceneDelegate.swift; sourceTree = "<group>"; };
		849981182B9C8FAA006828B4 /* SheduleViewController.swift */ = {isa = PBXFileReference; lastKnownFileType = sourcecode.swift; path = SheduleViewController.swift; sourceTree = "<group>"; };
		8499811D2B9C8FB2006828B4 /* Assets.xcassets */ = {isa = PBXFileReference; lastKnownFileType = folder.assetcatalog; path = Assets.xcassets; sourceTree = "<group>"; };
		849981202B9C8FB2006828B4 /* Base */ = {isa = PBXFileReference; lastKnownFileType = file.storyboard; name = Base; path = Base.lproj/LaunchScreen.storyboard; sourceTree = "<group>"; };
		849981222B9C8FB2006828B4 /* Info.plist */ = {isa = PBXFileReference; lastKnownFileType = text.plist.xml; path = Info.plist; sourceTree = "<group>"; };
		849981282B9C9184006828B4 /* TabBarController.swift */ = {isa = PBXFileReference; lastKnownFileType = sourcecode.swift; path = TabBarController.swift; sourceTree = "<group>"; };
		8499812A2B9C93AC006828B4 /* UIImage+Extensions.swift */ = {isa = PBXFileReference; lastKnownFileType = sourcecode.swift; path = "UIImage+Extensions.swift"; sourceTree = "<group>"; };
		8499812C2B9C93BD006828B4 /* UIColor+Extensions.swift */ = {isa = PBXFileReference; lastKnownFileType = sourcecode.swift; path = "UIColor+Extensions.swift"; sourceTree = "<group>"; };
		8499812F2B9C95B2006828B4 /* SettingsViewController.swift */ = {isa = PBXFileReference; lastKnownFileType = sourcecode.swift; path = SettingsViewController.swift; sourceTree = "<group>"; };
		CE9E64582B9E0ECB00A2134A /* openapi.yaml */ = {isa = PBXFileReference; fileEncoding = 4; lastKnownFileType = text.yaml; name = openapi.yaml; path = TravelSchedule/Resources/openapi.yaml; sourceTree = SOURCE_ROOT; };
		CE9E645D2B9E0F7B00A2134A /* openapi-generator-config.yaml */ = {isa = PBXFileReference; fileEncoding = 4; lastKnownFileType = text.yaml; path = "openapi-generator-config.yaml"; sourceTree = "<group>"; };
		CE9E64602B9E0FE100A2134A /* NearestStationsService.swift */ = {isa = PBXFileReference; lastKnownFileType = sourcecode.swift; path = NearestStationsService.swift; sourceTree = "<group>"; };
		CE9E64622B9E198300A2134A /* NearestStationsResponse.swift */ = {isa = PBXFileReference; lastKnownFileType = sourcecode.swift; path = NearestStationsResponse.swift; sourceTree = "<group>"; };
		CE9E646E2B9E1FE100A2134A /* String+Extensions.swift */ = {isa = PBXFileReference; lastKnownFileType = sourcecode.swift; path = "String+Extensions.swift"; sourceTree = "<group>"; };
		CE9E64772B9E34C400A2134A /* PointToPointResponse.swift */ = {isa = PBXFileReference; lastKnownFileType = sourcecode.swift; path = PointToPointResponse.swift; sourceTree = "<group>"; };
		CE9E64792B9E366D00A2134A /* Pagination.swift */ = {isa = PBXFileReference; lastKnownFileType = sourcecode.swift; path = Pagination.swift; sourceTree = "<group>"; };
		CE9E647B2B9E36B100A2134A /* JsonNull.swift */ = {isa = PBXFileReference; lastKnownFileType = sourcecode.swift; path = JsonNull.swift; sourceTree = "<group>"; };
		CE9E647D2B9E372F00A2134A /* PointToPointService.swift */ = {isa = PBXFileReference; lastKnownFileType = sourcecode.swift; path = PointToPointService.swift; sourceTree = "<group>"; };
		CEFBA2FE2B9E544D00269012 /* NetworkConstants.swift */ = {isa = PBXFileReference; lastKnownFileType = sourcecode.swift; path = NetworkConstants.swift; sourceTree = "<group>"; };
/* End PBXFileReference section */

/* Begin PBXFrameworksBuildPhase section */
		8499810E2B9C8FAA006828B4 /* Frameworks */ = {
			isa = PBXFrameworksBuildPhase;
			buildActionMask = 2147483647;
			files = (
				CE9E64552B9E0DF000A2134A /* OpenAPIURLSession in Frameworks */,
				CE9E64522B9E080600A2134A /* OpenAPIRuntime in Frameworks */,
			);
			runOnlyForDeploymentPostprocessing = 0;
		};
/* End PBXFrameworksBuildPhase section */

/* Begin PBXGroup section */
		849981082B9C8FAA006828B4 = {
			isa = PBXGroup;
			children = (
				849981132B9C8FAA006828B4 /* TravelSchedule */,
				849981122B9C8FAA006828B4 /* Products */,
			);
			sourceTree = "<group>";
		};
		849981122B9C8FAA006828B4 /* Products */ = {
			isa = PBXGroup;
			children = (
				849981112B9C8FAA006828B4 /* TravelSchedule.app */,
			);
			name = Products;
			sourceTree = "<group>";
		};
		849981132B9C8FAA006828B4 /* TravelSchedule */ = {
			isa = PBXGroup;
			children = (
				8499811F2B9C8FB2006828B4 /* LaunchScreen.storyboard */,
				849981142B9C8FAA006828B4 /* AppDelegate.swift */,
				849981162B9C8FAA006828B4 /* SceneDelegate.swift */,
				CE9E64642B9E19A800A2134A /* Models */,
				CE9E645F2B9E0FD000A2134A /* Services */,
				849981312B9C97C5006828B4 /* Scenes */,
				8499812E2B9C93C1006828B4 /* Extensions */,
				CE9E645A2B9E0ED900A2134A /* Resources */,
				849981222B9C8FB2006828B4 /* Info.plist */,
			);
			path = TravelSchedule;
			sourceTree = "<group>";
		};
		8499812E2B9C93C1006828B4 /* Extensions */ = {
			isa = PBXGroup;
			children = (
				8499812A2B9C93AC006828B4 /* UIImage+Extensions.swift */,
				8499812C2B9C93BD006828B4 /* UIColor+Extensions.swift */,
				CE9E646E2B9E1FE100A2134A /* String+Extensions.swift */,
			);
			path = Extensions;
			sourceTree = "<group>";
		};
		849981312B9C97C5006828B4 /* Scenes */ = {
			isa = PBXGroup;
			children = (
				849981282B9C9184006828B4 /* TabBarController.swift */,
				849981182B9C8FAA006828B4 /* SheduleViewController.swift */,
				8499812F2B9C95B2006828B4 /* SettingsViewController.swift */,
			);
			path = Scenes;
			sourceTree = "<group>";
		};
		CE9E645A2B9E0ED900A2134A /* Resources */ = {
			isa = PBXGroup;
			children = (
				CE9E64582B9E0ECB00A2134A /* openapi.yaml */,
				CE9E645D2B9E0F7B00A2134A /* openapi-generator-config.yaml */,
				8499811D2B9C8FB2006828B4 /* Assets.xcassets */,
			);
			path = Resources;
			sourceTree = "<group>";
		};
		CE9E645F2B9E0FD000A2134A /* Services */ = {
			isa = PBXGroup;
			children = (
				CEFBA2FE2B9E544D00269012 /* NetworkConstants.swift */,
				CE9E64602B9E0FE100A2134A /* NearestStationsService.swift */,
				CE9E647D2B9E372F00A2134A /* PointToPointService.swift */,
			);
			path = Services;
			sourceTree = "<group>";
		};
		CE9E64642B9E19A800A2134A /* Models */ = {
			isa = PBXGroup;
			children = (
				CE9E64622B9E198300A2134A /* NearestStationsResponse.swift */,
				CE9E64772B9E34C400A2134A /* PointToPointResponse.swift */,
				CE9E64792B9E366D00A2134A /* Pagination.swift */,
				CE9E647B2B9E36B100A2134A /* JsonNull.swift */,
			);
			path = Models;
			sourceTree = "<group>";
		};
/* End PBXGroup section */

/* Begin PBXNativeTarget section */
		849981102B9C8FAA006828B4 /* TravelSchedule */ = {
			isa = PBXNativeTarget;
			buildConfigurationList = 849981252B9C8FB2006828B4 /* Build configuration list for PBXNativeTarget "TravelSchedule" */;
			buildPhases = (
				8499810D2B9C8FAA006828B4 /* Sources */,
				8499810E2B9C8FAA006828B4 /* Frameworks */,
				8499810F2B9C8FAA006828B4 /* Resources */,
			);
			buildRules = (
			);
			dependencies = (
				CE9E64572B9E0E7300A2134A /* PBXTargetDependency */,
			);
			name = TravelSchedule;
			packageProductDependencies = (
				CE9E64512B9E080600A2134A /* OpenAPIRuntime */,
				CE9E64542B9E0DF000A2134A /* OpenAPIURLSession */,
			);
			productName = TravelSchedule;
			productReference = 849981112B9C8FAA006828B4 /* TravelSchedule.app */;
			productType = "com.apple.product-type.application";
		};
/* End PBXNativeTarget section */

/* Begin PBXProject section */
		849981092B9C8FAA006828B4 /* Project object */ = {
			isa = PBXProject;
			attributes = {
				BuildIndependentTargetsInParallel = 1;
				LastSwiftUpdateCheck = 1420;
				LastUpgradeCheck = 1420;
				TargetAttributes = {
					849981102B9C8FAA006828B4 = {
						CreatedOnToolsVersion = 14.2;
					};
				};
			};
			buildConfigurationList = 8499810C2B9C8FAA006828B4 /* Build configuration list for PBXProject "TravelSchedule" */;
			compatibilityVersion = "Xcode 14.0";
			developmentRegion = en;
			hasScannedForEncodings = 0;
			knownRegions = (
				en,
				Base,
			);
			mainGroup = 849981082B9C8FAA006828B4;
			packageReferences = (
				CE9E644B2B9E080600A2134A /* XCRemoteSwiftPackageReference "swift-openapi-generator" */,
				CE9E64502B9E080600A2134A /* XCRemoteSwiftPackageReference "swift-openapi-runtime" */,
				CE9E64532B9E0DF000A2134A /* XCRemoteSwiftPackageReference "swift-openapi-urlsession" */,
			);
			productRefGroup = 849981122B9C8FAA006828B4 /* Products */;
			projectDirPath = "";
			projectRoot = "";
			targets = (
				849981102B9C8FAA006828B4 /* TravelSchedule */,
			);
		};
/* End PBXProject section */

/* Begin PBXResourcesBuildPhase section */
		8499810F2B9C8FAA006828B4 /* Resources */ = {
			isa = PBXResourcesBuildPhase;
			buildActionMask = 2147483647;
			files = (
				849981212B9C8FB2006828B4 /* LaunchScreen.storyboard in Resources */,
				CE9E645E2B9E0F7C00A2134A /* openapi-generator-config.yaml in Resources */,
				8499811E2B9C8FB2006828B4 /* Assets.xcassets in Resources */,
				CE9E64592B9E0ECB00A2134A /* openapi.yaml in Resources */,
			);
			runOnlyForDeploymentPostprocessing = 0;
		};
/* End PBXResourcesBuildPhase section */

/* Begin PBXSourcesBuildPhase section */
		8499810D2B9C8FAA006828B4 /* Sources */ = {
			isa = PBXSourcesBuildPhase;
			buildActionMask = 2147483647;
			files = (
				849981192B9C8FAA006828B4 /* SheduleViewController.swift in Sources */,
				CE9E646F2B9E1FE100A2134A /* String+Extensions.swift in Sources */,
				CE9E64782B9E34C400A2134A /* PointToPointResponse.swift in Sources */,
				8499812D2B9C93BD006828B4 /* UIColor+Extensions.swift in Sources */,
				849981302B9C95B2006828B4 /* SettingsViewController.swift in Sources */,
				849981292B9C9184006828B4 /* TabBarController.swift in Sources */,
				CE9E64632B9E198300A2134A /* NearestStationsResponse.swift in Sources */,
				8499812B2B9C93AC006828B4 /* UIImage+Extensions.swift in Sources */,
				849981152B9C8FAA006828B4 /* AppDelegate.swift in Sources */,
				849981172B9C8FAA006828B4 /* SceneDelegate.swift in Sources */,
				CE9E64612B9E0FE100A2134A /* NearestStationsService.swift in Sources */,
				CE9E647C2B9E36B100A2134A /* JsonNull.swift in Sources */,
				CEFBA2FF2B9E544D00269012 /* NetworkConstants.swift in Sources */,
				CE9E647E2B9E372F00A2134A /* PointToPointService.swift in Sources */,
				CE9E647A2B9E366D00A2134A /* Pagination.swift in Sources */,
			);
			runOnlyForDeploymentPostprocessing = 0;
		};
/* End PBXSourcesBuildPhase section */

/* Begin PBXTargetDependency section */
		CE9E64572B9E0E7300A2134A /* PBXTargetDependency */ = {
			isa = PBXTargetDependency;
			productRef = CE9E64562B9E0E7300A2134A /* OpenAPIGenerator */;
		};
/* End PBXTargetDependency section */

/* Begin PBXVariantGroup section */
		8499811F2B9C8FB2006828B4 /* LaunchScreen.storyboard */ = {
			isa = PBXVariantGroup;
			children = (
				849981202B9C8FB2006828B4 /* Base */,
			);
			name = LaunchScreen.storyboard;
			sourceTree = "<group>";
		};
/* End PBXVariantGroup section */

/* Begin XCBuildConfiguration section */
		849981232B9C8FB2006828B4 /* Debug */ = {
			isa = XCBuildConfiguration;
			buildSettings = {
				ALWAYS_SEARCH_USER_PATHS = NO;
				CLANG_ANALYZER_NONNULL = YES;
				CLANG_ANALYZER_NUMBER_OBJECT_CONVERSION = YES_AGGRESSIVE;
				CLANG_CXX_LANGUAGE_STANDARD = "gnu++20";
				CLANG_ENABLE_MODULES = YES;
				CLANG_ENABLE_OBJC_ARC = YES;
				CLANG_ENABLE_OBJC_WEAK = YES;
				CLANG_WARN_BLOCK_CAPTURE_AUTORELEASING = YES;
				CLANG_WARN_BOOL_CONVERSION = YES;
				CLANG_WARN_COMMA = YES;
				CLANG_WARN_CONSTANT_CONVERSION = YES;
				CLANG_WARN_DEPRECATED_OBJC_IMPLEMENTATIONS = YES;
				CLANG_WARN_DIRECT_OBJC_ISA_USAGE = YES_ERROR;
				CLANG_WARN_DOCUMENTATION_COMMENTS = YES;
				CLANG_WARN_EMPTY_BODY = YES;
				CLANG_WARN_ENUM_CONVERSION = YES;
				CLANG_WARN_INFINITE_RECURSION = YES;
				CLANG_WARN_INT_CONVERSION = YES;
				CLANG_WARN_NON_LITERAL_NULL_CONVERSION = YES;
				CLANG_WARN_OBJC_IMPLICIT_RETAIN_SELF = YES;
				CLANG_WARN_OBJC_LITERAL_CONVERSION = YES;
				CLANG_WARN_OBJC_ROOT_CLASS = YES_ERROR;
				CLANG_WARN_QUOTED_INCLUDE_IN_FRAMEWORK_HEADER = YES;
				CLANG_WARN_RANGE_LOOP_ANALYSIS = YES;
				CLANG_WARN_STRICT_PROTOTYPES = YES;
				CLANG_WARN_SUSPICIOUS_MOVE = YES;
				CLANG_WARN_UNGUARDED_AVAILABILITY = YES_AGGRESSIVE;
				CLANG_WARN_UNREACHABLE_CODE = YES;
				CLANG_WARN__DUPLICATE_METHOD_MATCH = YES;
				COPY_PHASE_STRIP = NO;
				DEBUG_INFORMATION_FORMAT = dwarf;
				ENABLE_STRICT_OBJC_MSGSEND = YES;
				ENABLE_TESTABILITY = YES;
				GCC_C_LANGUAGE_STANDARD = gnu11;
				GCC_DYNAMIC_NO_PIC = NO;
				GCC_NO_COMMON_BLOCKS = YES;
				GCC_OPTIMIZATION_LEVEL = 0;
				GCC_PREPROCESSOR_DEFINITIONS = (
					"DEBUG=1",
					"$(inherited)",
				);
				GCC_WARN_64_TO_32_BIT_CONVERSION = YES;
				GCC_WARN_ABOUT_RETURN_TYPE = YES_ERROR;
				GCC_WARN_UNDECLARED_SELECTOR = YES;
				GCC_WARN_UNINITIALIZED_AUTOS = YES_AGGRESSIVE;
				GCC_WARN_UNUSED_FUNCTION = YES;
				GCC_WARN_UNUSED_VARIABLE = YES;
				IPHONEOS_DEPLOYMENT_TARGET = 15.0;
				MTL_ENABLE_DEBUG_INFO = INCLUDE_SOURCE;
				MTL_FAST_MATH = YES;
				ONLY_ACTIVE_ARCH = YES;
				SDKROOT = iphoneos;
				SWIFT_ACTIVE_COMPILATION_CONDITIONS = DEBUG;
				SWIFT_OPTIMIZATION_LEVEL = "-Onone";
			};
			name = Debug;
		};
		849981242B9C8FB2006828B4 /* Release */ = {
			isa = XCBuildConfiguration;
			buildSettings = {
				ALWAYS_SEARCH_USER_PATHS = NO;
				CLANG_ANALYZER_NONNULL = YES;
				CLANG_ANALYZER_NUMBER_OBJECT_CONVERSION = YES_AGGRESSIVE;
				CLANG_CXX_LANGUAGE_STANDARD = "gnu++20";
				CLANG_ENABLE_MODULES = YES;
				CLANG_ENABLE_OBJC_ARC = YES;
				CLANG_ENABLE_OBJC_WEAK = YES;
				CLANG_WARN_BLOCK_CAPTURE_AUTORELEASING = YES;
				CLANG_WARN_BOOL_CONVERSION = YES;
				CLANG_WARN_COMMA = YES;
				CLANG_WARN_CONSTANT_CONVERSION = YES;
				CLANG_WARN_DEPRECATED_OBJC_IMPLEMENTATIONS = YES;
				CLANG_WARN_DIRECT_OBJC_ISA_USAGE = YES_ERROR;
				CLANG_WARN_DOCUMENTATION_COMMENTS = YES;
				CLANG_WARN_EMPTY_BODY = YES;
				CLANG_WARN_ENUM_CONVERSION = YES;
				CLANG_WARN_INFINITE_RECURSION = YES;
				CLANG_WARN_INT_CONVERSION = YES;
				CLANG_WARN_NON_LITERAL_NULL_CONVERSION = YES;
				CLANG_WARN_OBJC_IMPLICIT_RETAIN_SELF = YES;
				CLANG_WARN_OBJC_LITERAL_CONVERSION = YES;
				CLANG_WARN_OBJC_ROOT_CLASS = YES_ERROR;
				CLANG_WARN_QUOTED_INCLUDE_IN_FRAMEWORK_HEADER = YES;
				CLANG_WARN_RANGE_LOOP_ANALYSIS = YES;
				CLANG_WARN_STRICT_PROTOTYPES = YES;
				CLANG_WARN_SUSPICIOUS_MOVE = YES;
				CLANG_WARN_UNGUARDED_AVAILABILITY = YES_AGGRESSIVE;
				CLANG_WARN_UNREACHABLE_CODE = YES;
				CLANG_WARN__DUPLICATE_METHOD_MATCH = YES;
				COPY_PHASE_STRIP = NO;
				DEBUG_INFORMATION_FORMAT = "dwarf-with-dsym";
				ENABLE_NS_ASSERTIONS = NO;
				ENABLE_STRICT_OBJC_MSGSEND = YES;
				GCC_C_LANGUAGE_STANDARD = gnu11;
				GCC_NO_COMMON_BLOCKS = YES;
				GCC_WARN_64_TO_32_BIT_CONVERSION = YES;
				GCC_WARN_ABOUT_RETURN_TYPE = YES_ERROR;
				GCC_WARN_UNDECLARED_SELECTOR = YES;
				GCC_WARN_UNINITIALIZED_AUTOS = YES_AGGRESSIVE;
				GCC_WARN_UNUSED_FUNCTION = YES;
				GCC_WARN_UNUSED_VARIABLE = YES;
				IPHONEOS_DEPLOYMENT_TARGET = 15.0;
				MTL_ENABLE_DEBUG_INFO = NO;
				MTL_FAST_MATH = YES;
				SDKROOT = iphoneos;
				SWIFT_COMPILATION_MODE = wholemodule;
				SWIFT_OPTIMIZATION_LEVEL = "-O";
				VALIDATE_PRODUCT = YES;
			};
			name = Release;
		};
		849981262B9C8FB2006828B4 /* Debug */ = {
			isa = XCBuildConfiguration;
			buildSettings = {
				ASSETCATALOG_COMPILER_APPICON_NAME = AppIcon;
				ASSETCATALOG_COMPILER_GLOBAL_ACCENT_COLOR_NAME = AccentColor;
				CODE_SIGN_STYLE = Automatic;
				CURRENT_PROJECT_VERSION = 1;
				DEVELOPMENT_TEAM = Q9BL3YJ6S3;
				GENERATE_INFOPLIST_FILE = YES;
				INFOPLIST_FILE = TravelSchedule/Info.plist;
				INFOPLIST_KEY_UIApplicationSupportsIndirectInputEvents = YES;
				INFOPLIST_KEY_UILaunchStoryboardName = LaunchScreen;
				INFOPLIST_KEY_UIMainStoryboardFile = "";
				INFOPLIST_KEY_UIStatusBarStyle = UIStatusBarStyleLightContent;
				INFOPLIST_KEY_UISupportedInterfaceOrientations_iPad = "UIInterfaceOrientationPortrait UIInterfaceOrientationPortraitUpsideDown UIInterfaceOrientationLandscapeLeft UIInterfaceOrientationLandscapeRight";
				INFOPLIST_KEY_UISupportedInterfaceOrientations_iPhone = "UIInterfaceOrientationPortrait UIInterfaceOrientationLandscapeLeft UIInterfaceOrientationLandscapeRight";
				IPHONEOS_DEPLOYMENT_TARGET = 15.0;
				LD_RUNPATH_SEARCH_PATHS = (
					"$(inherited)",
					"@executable_path/Frameworks",
				);
				MARKETING_VERSION = 1.0;
				PRODUCT_BUNDLE_IDENTIFIER = ru.yandex.practicum.ognerub.TravelSchedule;
				PRODUCT_NAME = "$(TARGET_NAME)";
				SUPPORTED_PLATFORMS = "iphoneos iphonesimulator";
				SUPPORTS_MACCATALYST = NO;
				SUPPORTS_MAC_DESIGNED_FOR_IPHONE_IPAD = NO;
				SWIFT_EMIT_LOC_STRINGS = YES;
				SWIFT_VERSION = 5.0;
				TARGETED_DEVICE_FAMILY = 1;
			};
			name = Debug;
		};
		849981272B9C8FB2006828B4 /* Release */ = {
			isa = XCBuildConfiguration;
			buildSettings = {
				ASSETCATALOG_COMPILER_APPICON_NAME = AppIcon;
				ASSETCATALOG_COMPILER_GLOBAL_ACCENT_COLOR_NAME = AccentColor;
				CODE_SIGN_STYLE = Automatic;
				CURRENT_PROJECT_VERSION = 1;
				DEVELOPMENT_TEAM = Q9BL3YJ6S3;
				GENERATE_INFOPLIST_FILE = YES;
				INFOPLIST_FILE = TravelSchedule/Info.plist;
				INFOPLIST_KEY_UIApplicationSupportsIndirectInputEvents = YES;
				INFOPLIST_KEY_UILaunchStoryboardName = LaunchScreen;
				INFOPLIST_KEY_UIMainStoryboardFile = "";
				INFOPLIST_KEY_UIStatusBarStyle = UIStatusBarStyleLightContent;
				INFOPLIST_KEY_UISupportedInterfaceOrientations_iPad = "UIInterfaceOrientationPortrait UIInterfaceOrientationPortraitUpsideDown UIInterfaceOrientationLandscapeLeft UIInterfaceOrientationLandscapeRight";
				INFOPLIST_KEY_UISupportedInterfaceOrientations_iPhone = "UIInterfaceOrientationPortrait UIInterfaceOrientationLandscapeLeft UIInterfaceOrientationLandscapeRight";
				IPHONEOS_DEPLOYMENT_TARGET = 15.0;
				LD_RUNPATH_SEARCH_PATHS = (
					"$(inherited)",
					"@executable_path/Frameworks",
				);
				MARKETING_VERSION = 1.0;
				PRODUCT_BUNDLE_IDENTIFIER = ru.yandex.practicum.ognerub.TravelSchedule;
				PRODUCT_NAME = "$(TARGET_NAME)";
				SUPPORTED_PLATFORMS = "iphoneos iphonesimulator";
				SUPPORTS_MACCATALYST = NO;
				SUPPORTS_MAC_DESIGNED_FOR_IPHONE_IPAD = NO;
				SWIFT_EMIT_LOC_STRINGS = YES;
				SWIFT_VERSION = 5.0;
				TARGETED_DEVICE_FAMILY = 1;
			};
			name = Release;
		};
/* End XCBuildConfiguration section */

/* Begin XCConfigurationList section */
		8499810C2B9C8FAA006828B4 /* Build configuration list for PBXProject "TravelSchedule" */ = {
			isa = XCConfigurationList;
			buildConfigurations = (
				849981232B9C8FB2006828B4 /* Debug */,
				849981242B9C8FB2006828B4 /* Release */,
			);
			defaultConfigurationIsVisible = 0;
			defaultConfigurationName = Release;
		};
		849981252B9C8FB2006828B4 /* Build configuration list for PBXNativeTarget "TravelSchedule" */ = {
			isa = XCConfigurationList;
			buildConfigurations = (
				849981262B9C8FB2006828B4 /* Debug */,
				849981272B9C8FB2006828B4 /* Release */,
			);
			defaultConfigurationIsVisible = 0;
			defaultConfigurationName = Release;
		};
/* End XCConfigurationList section */

/* Begin XCRemoteSwiftPackageReference section */
		CE9E644B2B9E080600A2134A /* XCRemoteSwiftPackageReference "swift-openapi-generator" */ = {
			isa = XCRemoteSwiftPackageReference;
			repositoryURL = "https://github.com/apple/swift-openapi-generator";
			requirement = {
				kind = upToNextMajorVersion;
				minimumVersion = 1.2.1;
			};
		};
		CE9E64502B9E080600A2134A /* XCRemoteSwiftPackageReference "swift-openapi-runtime" */ = {
			isa = XCRemoteSwiftPackageReference;
			repositoryURL = "https://github.com/apple/swift-openapi-runtime";
			requirement = {
				kind = upToNextMajorVersion;
				minimumVersion = 1.3.2;
			};
		};
		CE9E64532B9E0DF000A2134A /* XCRemoteSwiftPackageReference "swift-openapi-urlsession" */ = {
			isa = XCRemoteSwiftPackageReference;
			repositoryURL = "https://github.com/apple/swift-openapi-urlsession";
			requirement = {
				kind = upToNextMajorVersion;
				minimumVersion = 1.0.1;
			};
		};
/* End XCRemoteSwiftPackageReference section */

/* Begin XCSwiftPackageProductDependency section */
		CE9E64512B9E080600A2134A /* OpenAPIRuntime */ = {
			isa = XCSwiftPackageProductDependency;
			package = CE9E64502B9E080600A2134A /* XCRemoteSwiftPackageReference "swift-openapi-runtime" */;
			productName = OpenAPIRuntime;
		};
		CE9E64542B9E0DF000A2134A /* OpenAPIURLSession */ = {
			isa = XCSwiftPackageProductDependency;
			package = CE9E64532B9E0DF000A2134A /* XCRemoteSwiftPackageReference "swift-openapi-urlsession" */;
			productName = OpenAPIURLSession;
		};
		CE9E64562B9E0E7300A2134A /* OpenAPIGenerator */ = {
			isa = XCSwiftPackageProductDependency;
			package = CE9E644B2B9E080600A2134A /* XCRemoteSwiftPackageReference "swift-openapi-generator" */;
			productName = "plugin:OpenAPIGenerator";
		};
/* End XCSwiftPackageProductDependency section */
	};
	rootObject = 849981092B9C8FAA006828B4 /* Project object */;
}
